Microsoft Visual Studio Solution File, Format Version 12.00
# Visual Studio 15
Project("{8BC9CEB8-8B4A-11D0-8D11-00A0C91BC942}") = "ALL_BUILD", "ALL_BUILD.vcxproj", "{AD73F757-54EE-3843-A93D-5EEAB835874B}"
	ProjectSection(ProjectDependencies) = postProject
		{7737EE8B-5CE0-3B5D-89AC-1D9DAF6A6E19} = {7737EE8B-5CE0-3B5D-89AC-1D9DAF6A6E19}
		{1B16B89F-E785-3A07-B8E3-0E99A1050C23} = {1B16B89F-E785-3A07-B8E3-0E99A1050C23}
		{57935B3C-6500-3E4E-AFDD-BDCB72B2E30F} = {57935B3C-6500-3E4E-AFDD-BDCB72B2E30F}
		{A645EE19-C7C4-31AF-91C2-E5579CD3BA4A} = {A645EE19-C7C4-31AF-91C2-E5579CD3BA4A}
		{C6848C1B-463D-366A-9B34-D7F88120CB1C} = {C6848C1B-463D-366A-9B34-D7F88120CB1C}
		{DBB4C0D7-EB07-345F-893F-ED33859D8ED9} = {DBB4C0D7-EB07-345F-893F-ED33859D8ED9}
		{CCDE9F8A-632B-37B3-9084-19736212F962} = {CCDE9F8A-632B-37B3-9084-19736212F962}
		{E7C20A0A-2459-346B-9A4C-2AF550044AE8} = {E7C20A0A-2459-346B-9A4C-2AF550044AE8}
		{F1B2E0B0-3751-333F-90D5-532D9CA1202A} = {F1B2E0B0-3751-333F-90D5-532D9CA1202A}
		{C3A257FC-3BB6-3514-B121-1B64E5DEF5D5} = {C3A257FC-3BB6-3514-B121-1B64E5DEF5D5}
		{829A0F28-2ECC-3F8B-A693-86925D7B0109} = {829A0F28-2ECC-3F8B-A693-86925D7B0109}
		{30638FBC-CBDE-3948-B549-2C78B554668F} = {30638FBC-CBDE-3948-B549-2C78B554668F}
		{363E2CC4-19B2-3B5B-99EE-F24DEB720139} = {363E2CC4-19B2-3B5B-99EE-F24DEB720139}
		{C13AF734-DDF9-3883-B89E-B0F2172D7033} = {C13AF734-DDF9-3883-B89E-B0F2172D7033}
		{512B3B3F-C147-3724-A98B-ACA1788A1A87} = {512B3B3F-C147-3724-A98B-ACA1788A1A87}
		{FE0054DB-E9F3-3949-9780-318E04FE5A99} = {FE0054DB-E9F3-3949-9780-318E04FE5A99}
		{AD63C062-40C6-3D9B-9050-E406B4254BE7} = {AD63C062-40C6-3D9B-9050-E406B4254BE7}
		{E0704536-14C5-3823-AC93-2A9B8F1D4B64} = {E0704536-14C5-3823-AC93-2A9B8F1D4B64}
		{88E80494-7D8C-3323-AF37-5C7BCA88640F} = {88E80494-7D8C-3323-AF37-5C7BCA88640F}
		{F5CD7840-272F-3CE8-BE06-A37DB8FC1D90} = {F5CD7840-272F-3CE8-BE06-A37DB8FC1D90}
		{596E23E8-3E1E-392C-8674-F0E6A106A1E8} = {596E23E8-3E1E-392C-8674-F0E6A106A1E8}
		{F26CA659-D0A8-3399-B6F5-01234B987C5B} = {F26CA659-D0A8-3399-B6F5-01234B987C5B}
		{11804EF0-37BB-3337-B0AD-7342937AFFC8} = {11804EF0-37BB-3337-B0AD-7342937AFFC8}
		{6FCB07DC-9633-36A0-B243-F8C799E32E13} = {6FCB07DC-9633-36A0-B243-F8C799E32E13}
		{F65E84BC-AB9F-379F-9C72-6ECF76444D05} = {F65E84BC-AB9F-379F-9C72-6ECF76444D05}
		{6B929238-D1BB-38F2-BE97-8360F31B2BCD} = {6B929238-D1BB-38F2-BE97-8360F31B2BCD}
		{4C9BC0F5-D17D-31FD-9F33-F9DBDEFF2F2E} = {4C9BC0F5-D17D-31FD-9F33-F9DBDEFF2F2E}
		{1DAF3E30-0E33-3A1E-883D-9BE304DAD325} = {1DAF3E30-0E33-3A1E-883D-9BE304DAD325}
		{1C00223E-E0E1-3455-B81B-DD7988994B32} = {1C00223E-E0E1-3455-B81B-DD7988994B32}
		{35390691-66BD-3DB1-AEBD-BC47D8F29EE4} = {35390691-66BD-3DB1-AEBD-BC47D8F29EE4}
		{A48574F9-E732-3F0D-B65E-D445A929DC43} = {A48574F9-E732-3F0D-B65E-D445A929DC43}
		{3741ADDF-1CE1-3342-B7AC-D9BDB6DA5E50} = {3741ADDF-1CE1-3342-B7AC-D9BDB6DA5E50}
		{CD077E80-A8A7-30E5-8D95-34F3E3723110} = {CD077E80-A8A7-30E5-8D95-34F3E3723110}
		{412A44DF-937C-35EC-8E52-3E28BA9C8FCC} = {412A44DF-937C-35EC-8E52-3E28BA9C8FCC}
		{17C45ABB-4C79-3639-BC52-40A05F884072} = {17C45ABB-4C79-3639-BC52-40A05F884072}
		{7668CCC6-E692-335D-8206-5B6C46B44762} = {7668CCC6-E692-335D-8206-5B6C46B44762}
		{B7DEBDFD-AB59-3E2C-80EA-6E7DD8D62BF8} = {B7DEBDFD-AB59-3E2C-80EA-6E7DD8D62BF8}
		{66A12580-189A-3CC3-8D68-4A255EF43D27} = {66A12580-189A-3CC3-8D68-4A255EF43D27}
		{F8A01F16-5A09-3452-959C-F9A50A61A211} = {F8A01F16-5A09-3452-959C-F9A50A61A211}
		{7A2A238B-4FB5-3305-9ED8-C850F18E5239} = {7A2A238B-4FB5-3305-9ED8-C850F18E5239}
		{E4A7EC00-59F2-3B48-86D7-001D002AA2DD} = {E4A7EC00-59F2-3B48-86D7-001D002AA2DD}
		{BD733078-890F-39D6-946F-6D4BA304560C} = {BD733078-890F-39D6-946F-6D4BA304560C}
		{B028D93D-3C04-3FBE-ADFF-4987560CD8ED} = {B028D93D-3C04-3FBE-ADFF-4987560CD8ED}
		{8DC4678D-C17A-384E-8276-76781542C781} = {8DC4678D-C17A-384E-8276-76781542C781}
		{5D7FF484-ABE6-3CF0-8AE0-6308B3D3D3FD} = {5D7FF484-ABE6-3CF0-8AE0-6308B3D3D3FD}
	EndProjectSection
EndProject
Project("{8BC9CEB8-8B4A-11D0-8D11-00A0C91BC942}") = "AppBasicExampleGui", "examples\BasicDemo\AppBasicExampleGui.vcxproj", "{7737EE8B-5CE0-3B5D-89AC-1D9DAF6A6E19}"
	ProjectSection(ProjectDependencies) = postProject
		{512B3B3F-C147-3724-A98B-ACA1788A1A87} = {512B3B3F-C147-3724-A98B-ACA1788A1A87}
		{88E80494-7D8C-3323-AF37-5C7BCA88640F} = {88E80494-7D8C-3323-AF37-5C7BCA88640F}
		{F5CD7840-272F-3CE8-BE06-A37DB8FC1D90} = {F5CD7840-272F-3CE8-BE06-A37DB8FC1D90}
		{CD077E80-A8A7-30E5-8D95-34F3E3723110} = {CD077E80-A8A7-30E5-8D95-34F3E3723110}
		{412A44DF-937C-35EC-8E52-3E28BA9C8FCC} = {412A44DF-937C-35EC-8E52-3E28BA9C8FCC}
		{BD733078-890F-39D6-946F-6D4BA304560C} = {BD733078-890F-39D6-946F-6D4BA304560C}
	EndProjectSection
EndProject
Project("{8BC9CEB8-8B4A-11D0-8D11-00A0C91BC942}") = "App_BasicExample", "examples\BasicDemo\App_BasicExample.vcxproj", "{1B16B89F-E785-3A07-B8E3-0E99A1050C23}"
	ProjectSection(ProjectDependencies) = postProject
		{88E80494-7D8C-3323-AF37-5C7BCA88640F} = {88E80494-7D8C-3323-AF37-5C7BCA88640F}
		{F5CD7840-272F-3CE8-BE06-A37DB8FC1D90} = {F5CD7840-272F-3CE8-BE06-A37DB8FC1D90}
		{CD077E80-A8A7-30E5-8D95-34F3E3723110} = {CD077E80-A8A7-30E5-8D95-34F3E3723110}
		{BD733078-890F-39D6-946F-6D4BA304560C} = {BD733078-890F-39D6-946F-6D4BA304560C}
	EndProjectSection
EndProject
Project("{8BC9CEB8-8B4A-11D0-8D11-00A0C91BC942}") = "App_ExampleBrowser", "examples\ExampleBrowser\App_ExampleBrowser.vcxproj", "{57935B3C-6500-3E4E-AFDD-BDCB72B2E30F}"
	ProjectSection(ProjectDependencies) = postProject
		{512B3B3F-C147-3724-A98B-ACA1788A1A87} = {512B3B3F-C147-3724-A98B-ACA1788A1A87}
		{88E80494-7D8C-3323-AF37-5C7BCA88640F} = {88E80494-7D8C-3323-AF37-5C7BCA88640F}
		{F5CD7840-272F-3CE8-BE06-A37DB8FC1D90} = {F5CD7840-272F-3CE8-BE06-A37DB8FC1D90}
		{596E23E8-3E1E-392C-8674-F0E6A106A1E8} = {596E23E8-3E1E-392C-8674-F0E6A106A1E8}
		{11804EF0-37BB-3337-B0AD-7342937AFFC8} = {11804EF0-37BB-3337-B0AD-7342937AFFC8}
		{6FCB07DC-9633-36A0-B243-F8C799E32E13} = {6FCB07DC-9633-36A0-B243-F8C799E32E13}
		{6B929238-D1BB-38F2-BE97-8360F31B2BCD} = {6B929238-D1BB-38F2-BE97-8360F31B2BCD}
		{1C00223E-E0E1-3455-B81B-DD7988994B32} = {1C00223E-E0E1-3455-B81B-DD7988994B32}
		{CD077E80-A8A7-30E5-8D95-34F3E3723110} = {CD077E80-A8A7-30E5-8D95-34F3E3723110}
		{412A44DF-937C-35EC-8E52-3E28BA9C8FCC} = {412A44DF-937C-35EC-8E52-3E28BA9C8FCC}
		{BD733078-890F-39D6-946F-6D4BA304560C} = {BD733078-890F-39D6-946F-6D4BA304560C}
		{5D7FF484-ABE6-3CF0-8AE0-6308B3D3D3FD} = {5D7FF484-ABE6-3CF0-8AE0-6308B3D3D3FD}
	EndProjectSection
EndProject
Project("{8BC9CEB8-8B4A-11D0-8D11-00A0C91BC942}") = "App_HelloBulletRobotics", "examples\RobotSimulator\App_HelloBulletRobotics.vcxproj", "{A645EE19-C7C4-31AF-91C2-E5579CD3BA4A}"
	ProjectSection(ProjectDependencies) = postProject
		{512B3B3F-C147-3724-A98B-ACA1788A1A87} = {512B3B3F-C147-3724-A98B-ACA1788A1A87}
		{88E80494-7D8C-3323-AF37-5C7BCA88640F} = {88E80494-7D8C-3323-AF37-5C7BCA88640F}
		{F5CD7840-272F-3CE8-BE06-A37DB8FC1D90} = {F5CD7840-272F-3CE8-BE06-A37DB8FC1D90}
		{F26CA659-D0A8-3399-B6F5-01234B987C5B} = {F26CA659-D0A8-3399-B6F5-01234B987C5B}
		{11804EF0-37BB-3337-B0AD-7342937AFFC8} = {11804EF0-37BB-3337-B0AD-7342937AFFC8}
		{6FCB07DC-9633-36A0-B243-F8C799E32E13} = {6FCB07DC-9633-36A0-B243-F8C799E32E13}
		{F65E84BC-AB9F-379F-9C72-6ECF76444D05} = {F65E84BC-AB9F-379F-9C72-6ECF76444D05}
		{6B929238-D1BB-38F2-BE97-8360F31B2BCD} = {6B929238-D1BB-38F2-BE97-8360F31B2BCD}
		{4C9BC0F5-D17D-31FD-9F33-F9DBDEFF2F2E} = {4C9BC0F5-D17D-31FD-9F33-F9DBDEFF2F2E}
		{CD077E80-A8A7-30E5-8D95-34F3E3723110} = {CD077E80-A8A7-30E5-8D95-34F3E3723110}
		{BD733078-890F-39D6-946F-6D4BA304560C} = {BD733078-890F-39D6-946F-6D4BA304560C}
	EndProjectSection
EndProject
Project("{8BC9CEB8-8B4A-11D0-8D11-00A0C91BC942}") = "App_HelloWorld", "examples\HelloWorld\App_HelloWorld.vcxproj", "{C6848C1B-463D-366A-9B34-D7F88120CB1C}"
	ProjectSection(ProjectDependencies) = postProject
		{88E80494-7D8C-3323-AF37-5C7BCA88640F} = {88E80494-7D8C-3323-AF37-5C7BCA88640F}
		{F5CD7840-272F-3CE8-BE06-A37DB8FC1D90} = {F5CD7840-272F-3CE8-BE06-A37DB8FC1D90}
		{CD077E80-A8A7-30E5-8D95-34F3E3723110} = {CD077E80-A8A7-30E5-8D95-34F3E3723110}
		{BD733078-890F-39D6-946F-6D4BA304560C} = {BD733078-890F-39D6-946F-6D4BA304560C}
	EndProjectSection
EndProject
Project("{8BC9CEB8-8B4A-11D0-8D11-00A0C91BC942}") = "App_PhysicsServer_SharedMemory", "examples\SharedMemory\App_PhysicsServer_SharedMemory.vcxproj", "{DBB4C0D7-EB07-345F-893F-ED33859D8ED9}"
	ProjectSection(ProjectDependencies) = postProject
		{512B3B3F-C147-3724-A98B-ACA1788A1A87} = {512B3B3F-C147-3724-A98B-ACA1788A1A87}
		{88E80494-7D8C-3323-AF37-5C7BCA88640F} = {88E80494-7D8C-3323-AF37-5C7BCA88640F}
		{F5CD7840-272F-3CE8-BE06-A37DB8FC1D90} = {F5CD7840-272F-3CE8-BE06-A37DB8FC1D90}
		{F26CA659-D0A8-3399-B6F5-01234B987C5B} = {F26CA659-D0A8-3399-B6F5-01234B987C5B}
		{11804EF0-37BB-3337-B0AD-7342937AFFC8} = {11804EF0-37BB-3337-B0AD-7342937AFFC8}
		{6FCB07DC-9633-36A0-B243-F8C799E32E13} = {6FCB07DC-9633-36A0-B243-F8C799E32E13}
		{6B929238-D1BB-38F2-BE97-8360F31B2BCD} = {6B929238-D1BB-38F2-BE97-8360F31B2BCD}
		{4C9BC0F5-D17D-31FD-9F33-F9DBDEFF2F2E} = {4C9BC0F5-D17D-31FD-9F33-F9DBDEFF2F2E}
		{1C00223E-E0E1-3455-B81B-DD7988994B32} = {1C00223E-E0E1-3455-B81B-DD7988994B32}
		{CD077E80-A8A7-30E5-8D95-34F3E3723110} = {CD077E80-A8A7-30E5-8D95-34F3E3723110}
		{BD733078-890F-39D6-946F-6D4BA304560C} = {BD733078-890F-39D6-946F-6D4BA304560C}
	EndProjectSection
EndProject
Project("{8BC9CEB8-8B4A-11D0-8D11-00A0C91BC942}") = "App_PhysicsServer_SharedMemory_GUI", "examples\SharedMemory\App_PhysicsServer_SharedMemory_GUI.vcxproj", "{CCDE9F8A-632B-37B3-9084-19736212F962}"
	ProjectSection(ProjectDependencies) = postProject
		{512B3B3F-C147-3724-A98B-ACA1788A1A87} = {512B3B3F-C147-3724-A98B-ACA1788A1A87}
		{88E80494-7D8C-3323-AF37-5C7BCA88640F} = {88E80494-7D8C-3323-AF37-5C7BCA88640F}
		{F5CD7840-272F-3CE8-BE06-A37DB8FC1D90} = {F5CD7840-272F-3CE8-BE06-A37DB8FC1D90}
		{F26CA659-D0A8-3399-B6F5-01234B987C5B} = {F26CA659-D0A8-3399-B6F5-01234B987C5B}
		{11804EF0-37BB-3337-B0AD-7342937AFFC8} = {11804EF0-37BB-3337-B0AD-7342937AFFC8}
		{6FCB07DC-9633-36A0-B243-F8C799E32E13} = {6FCB07DC-9633-36A0-B243-F8C799E32E13}
		{6B929238-D1BB-38F2-BE97-8360F31B2BCD} = {6B929238-D1BB-38F2-BE97-8360F31B2BCD}
		{4C9BC0F5-D17D-31FD-9F33-F9DBDEFF2F2E} = {4C9BC0F5-D17D-31FD-9F33-F9DBDEFF2F2E}
		{1C00223E-E0E1-3455-B81B-DD7988994B32} = {1C00223E-E0E1-3455-B81B-DD7988994B32}
		{CD077E80-A8A7-30E5-8D95-34F3E3723110} = {CD077E80-A8A7-30E5-8D95-34F3E3723110}
		{412A44DF-937C-35EC-8E52-3E28BA9C8FCC} = {412A44DF-937C-35EC-8E52-3E28BA9C8FCC}
		{BD733078-890F-39D6-946F-6D4BA304560C} = {BD733078-890F-39D6-946F-6D4BA304560C}
	EndProjectSection
EndProject
Project("{8BC9CEB8-8B4A-11D0-8D11-00A0C91BC942}") = "App_PhysicsServer_SharedMemory_VR", "examples\SharedMemory\App_PhysicsServer_SharedMemory_VR.vcxproj", "{E7C20A0A-2459-346B-9A4C-2AF550044AE8}"
	ProjectSection(ProjectDependencies) = postProject
		{512B3B3F-C147-3724-A98B-ACA1788A1A87} = {512B3B3F-C147-3724-A98B-ACA1788A1A87}
		{88E80494-7D8C-3323-AF37-5C7BCA88640F} = {88E80494-7D8C-3323-AF37-5C7BCA88640F}
		{F5CD7840-272F-3CE8-BE06-A37DB8FC1D90} = {F5CD7840-272F-3CE8-BE06-A37DB8FC1D90}
		{F26CA659-D0A8-3399-B6F5-01234B987C5B} = {F26CA659-D0A8-3399-B6F5-01234B987C5B}
		{11804EF0-37BB-3337-B0AD-7342937AFFC8} = {11804EF0-37BB-3337-B0AD-7342937AFFC8}
		{6FCB07DC-9633-36A0-B243-F8C799E32E13} = {6FCB07DC-9633-36A0-B243-F8C799E32E13}
		{6B929238-D1BB-38F2-BE97-8360F31B2BCD} = {6B929238-D1BB-38F2-BE97-8360F31B2BCD}
		{4C9BC0F5-D17D-31FD-9F33-F9DBDEFF2F2E} = {4C9BC0F5-D17D-31FD-9F33-F9DBDEFF2F2E}
		{1C00223E-E0E1-3455-B81B-DD7988994B32} = {1C00223E-E0E1-3455-B81B-DD7988994B32}
		{CD077E80-A8A7-30E5-8D95-34F3E3723110} = {CD077E80-A8A7-30E5-8D95-34F3E3723110}
		{412A44DF-937C-35EC-8E52-3E28BA9C8FCC} = {412A44DF-937C-35EC-8E52-3E28BA9C8FCC}
		{BD733078-890F-39D6-946F-6D4BA304560C} = {BD733078-890F-39D6-946F-6D4BA304560C}
	EndProjectSection
EndProject
Project("{8BC9CEB8-8B4A-11D0-8D11-00A0C91BC942}") = "App_RobotSimulator", "examples\RobotSimulator\App_RobotSimulator.vcxproj", "{F1B2E0B0-3751-333F-90D5-532D9CA1202A}"
	ProjectSection(ProjectDependencies) = postProject
		{512B3B3F-C147-3724-A98B-ACA1788A1A87} = {512B3B3F-C147-3724-A98B-ACA1788A1A87}
		{88E80494-7D8C-3323-AF37-5C7BCA88640F} = {88E80494-7D8C-3323-AF37-5C7BCA88640F}
		{F5CD7840-272F-3CE8-BE06-A37DB8FC1D90} = {F5CD7840-272F-3CE8-BE06-A37DB8FC1D90}
		{596E23E8-3E1E-392C-8674-F0E6A106A1E8} = {596E23E8-3E1E-392C-8674-F0E6A106A1E8}
		{F26CA659-D0A8-3399-B6F5-01234B987C5B} = {F26CA659-D0A8-3399-B6F5-01234B987C5B}
		{11804EF0-37BB-3337-B0AD-7342937AFFC8} = {11804EF0-37BB-3337-B0AD-7342937AFFC8}
		{6FCB07DC-9633-36A0-B243-F8C799E32E13} = {6FCB07DC-9633-36A0-B243-F8C799E32E13}
		{F65E84BC-AB9F-379F-9C72-6ECF76444D05} = {F65E84BC-AB9F-379F-9C72-6ECF76444D05}
		{6B929238-D1BB-38F2-BE97-8360F31B2BCD} = {6B929238-D1BB-38F2-BE97-8360F31B2BCD}
		{4C9BC0F5-D17D-31FD-9F33-F9DBDEFF2F2E} = {4C9BC0F5-D17D-31FD-9F33-F9DBDEFF2F2E}
		{CD077E80-A8A7-30E5-8D95-34F3E3723110} = {CD077E80-A8A7-30E5-8D95-34F3E3723110}
		{412A44DF-937C-35EC-8E52-3E28BA9C8FCC} = {412A44DF-937C-35EC-8E52-3E28BA9C8FCC}
		{BD733078-890F-39D6-946F-6D4BA304560C} = {BD733078-890F-39D6-946F-6D4BA304560C}
		{5D7FF484-ABE6-3CF0-8AE0-6308B3D3D3FD} = {5D7FF484-ABE6-3CF0-8AE0-6308B3D3D3FD}
	EndProjectSection
EndProject
Project("{8BC9CEB8-8B4A-11D0-8D11-00A0C91BC942}") = "App_RobotSimulator_NoGUI", "examples\RobotSimulator\App_RobotSimulator_NoGUI.vcxproj", "{C3A257FC-3BB6-3514-B121-1B64E5DEF5D5}"
	ProjectSection(ProjectDependencies) = postProject
		{512B3B3F-C147-3724-A98B-ACA1788A1A87} = {512B3B3F-C147-3724-A98B-ACA1788A1A87}
		{88E80494-7D8C-3323-AF37-5C7BCA88640F} = {88E80494-7D8C-3323-AF37-5C7BCA88640F}
		{F5CD7840-272F-3CE8-BE06-A37DB8FC1D90} = {F5CD7840-272F-3CE8-BE06-A37DB8FC1D90}
		{F26CA659-D0A8-3399-B6F5-01234B987C5B} = {F26CA659-D0A8-3399-B6F5-01234B987C5B}
		{11804EF0-37BB-3337-B0AD-7342937AFFC8} = {11804EF0-37BB-3337-B0AD-7342937AFFC8}
		{6FCB07DC-9633-36A0-B243-F8C799E32E13} = {6FCB07DC-9633-36A0-B243-F8C799E32E13}
		{F65E84BC-AB9F-379F-9C72-6ECF76444D05} = {F65E84BC-AB9F-379F-9C72-6ECF76444D05}
		{6B929238-D1BB-38F2-BE97-8360F31B2BCD} = {6B929238-D1BB-38F2-BE97-8360F31B2BCD}
		{4C9BC0F5-D17D-31FD-9F33-F9DBDEFF2F2E} = {4C9BC0F5-D17D-31FD-9F33-F9DBDEFF2F2E}
		{CD077E80-A8A7-30E5-8D95-34F3E3723110} = {CD077E80-A8A7-30E5-8D95-34F3E3723110}
		{BD733078-890F-39D6-946F-6D4BA304560C} = {BD733078-890F-39D6-946F-6D4BA304560C}
	EndProjectSection
EndProject
Project("{8BC9CEB8-8B4A-11D0-8D11-00A0C91BC942}") = "App_TwoJoint", "examples\TwoJoint\App_TwoJoint.vcxproj", "{829A0F28-2ECC-3F8B-A693-86925D7B0109}"
	ProjectSection(ProjectDependencies) = postProject
		{512B3B3F-C147-3724-A98B-ACA1788A1A87} = {512B3B3F-C147-3724-A98B-ACA1788A1A87}
		{88E80494-7D8C-3323-AF37-5C7BCA88640F} = {88E80494-7D8C-3323-AF37-5C7BCA88640F}
		{F5CD7840-272F-3CE8-BE06-A37DB8FC1D90} = {F5CD7840-272F-3CE8-BE06-A37DB8FC1D90}
		{596E23E8-3E1E-392C-8674-F0E6A106A1E8} = {596E23E8-3E1E-392C-8674-F0E6A106A1E8}
		{F26CA659-D0A8-3399-B6F5-01234B987C5B} = {F26CA659-D0A8-3399-B6F5-01234B987C5B}
		{11804EF0-37BB-3337-B0AD-7342937AFFC8} = {11804EF0-37BB-3337-B0AD-7342937AFFC8}
		{6FCB07DC-9633-36A0-B243-F8C799E32E13} = {6FCB07DC-9633-36A0-B243-F8C799E32E13}
		{6B929238-D1BB-38F2-BE97-8360F31B2BCD} = {6B929238-D1BB-38F2-BE97-8360F31B2BCD}
		{4C9BC0F5-D17D-31FD-9F33-F9DBDEFF2F2E} = {4C9BC0F5-D17D-31FD-9F33-F9DBDEFF2F2E}
		{1C00223E-E0E1-3455-B81B-DD7988994B32} = {1C00223E-E0E1-3455-B81B-DD7988994B32}
		{CD077E80-A8A7-30E5-8D95-34F3E3723110} = {CD077E80-A8A7-30E5-8D95-34F3E3723110}
		{412A44DF-937C-35EC-8E52-3E28BA9C8FCC} = {412A44DF-937C-35EC-8E52-3E28BA9C8FCC}
		{BD733078-890F-39D6-946F-6D4BA304560C} = {BD733078-890F-39D6-946F-6D4BA304560C}
		{5D7FF484-ABE6-3CF0-8AE0-6308B3D3D3FD} = {5D7FF484-ABE6-3CF0-8AE0-6308B3D3D3FD}
	EndProjectSection
EndProject
Project("{8BC9CEB8-8B4A-11D0-8D11-00A0C91BC942}") = "App_obj2sdf", "Extras\obj2sdf\App_obj2sdf.vcxproj", "{30638FBC-CBDE-3948-B549-2C78B554668F}"
	ProjectSection(ProjectDependencies) = postProject
		{512B3B3F-C147-3724-A98B-ACA1788A1A87} = {512B3B3F-C147-3724-A98B-ACA1788A1A87}
		{BD733078-890F-39D6-946F-6D4BA304560C} = {BD733078-890F-39D6-946F-6D4BA304560C}
	EndProjectSection
EndProject
Project("{8BC9CEB8-8B4A-11D0-8D11-00A0C91BC942}") = "Bullet2FileLoader", "src\Bullet3Serialize\Bullet2FileLoader\Bullet2FileLoader.vcxproj", "{363E2CC4-19B2-3B5B-99EE-F24DEB720139}"
	ProjectSection(ProjectDependencies) = postProject
		{BD733078-890F-39D6-946F-6D4BA304560C} = {BD733078-890F-39D6-946F-6D4BA304560C}
	EndProjectSection
EndProject
Project("{8BC9CEB8-8B4A-11D0-8D11-00A0C91BC942}") = "Bullet3Collision", "src\Bullet3Collision\Bullet3Collision.vcxproj", "{C13AF734-DDF9-3883-B89E-B0F2172D7033}"
	ProjectSection(ProjectDependencies) = postProject
		{BD733078-890F-39D6-946F-6D4BA304560C} = {BD733078-890F-39D6-946F-6D4BA304560C}
	EndProjectSection
EndProject
Project("{8BC9CEB8-8B4A-11D0-8D11-00A0C91BC942}") = "Bullet3Common", "src\Bullet3Common\Bullet3Common.vcxproj", "{512B3B3F-C147-3724-A98B-ACA1788A1A87}"
	ProjectSection(ProjectDependencies) = postProject
		{BD733078-890F-39D6-946F-6D4BA304560C} = {BD733078-890F-39D6-946F-6D4BA304560C}
	EndProjectSection
EndProject
Project("{8BC9CEB8-8B4A-11D0-8D11-00A0C91BC942}") = "Bullet3Dynamics", "src\Bullet3Dynamics\Bullet3Dynamics.vcxproj", "{FE0054DB-E9F3-3949-9780-318E04FE5A99}"
	ProjectSection(ProjectDependencies) = postProject
		{BD733078-890F-39D6-946F-6D4BA304560C} = {BD733078-890F-39D6-946F-6D4BA304560C}
	EndProjectSection
EndProject
Project("{8BC9CEB8-8B4A-11D0-8D11-00A0C91BC942}") = "Bullet3Geometry", "src\Bullet3Geometry\Bullet3Geometry.vcxproj", "{AD63C062-40C6-3D9B-9050-E406B4254BE7}"
	ProjectSection(ProjectDependencies) = postProject
		{BD733078-890F-39D6-946F-6D4BA304560C} = {BD733078-890F-39D6-946F-6D4BA304560C}
	EndProjectSection
EndProject
Project("{8BC9CEB8-8B4A-11D0-8D11-00A0C91BC942}") = "Bullet3OpenCL_clew", "src\Bullet3OpenCL\Bullet3OpenCL_clew.vcxproj", "{E0704536-14C5-3823-AC93-2A9B8F1D4B64}"
	ProjectSection(ProjectDependencies) = postProject
		{BD733078-890F-39D6-946F-6D4BA304560C} = {BD733078-890F-39D6-946F-6D4BA304560C}
	EndProjectSection
EndProject
Project("{8BC9CEB8-8B4A-11D0-8D11-00A0C91BC942}") = "BulletCollision", "src\BulletCollision\BulletCollision.vcxproj", "{88E80494-7D8C-3323-AF37-5C7BCA88640F}"
	ProjectSection(ProjectDependencies) = postProject
		{BD733078-890F-39D6-946F-6D4BA304560C} = {BD733078-890F-39D6-946F-6D4BA304560C}
	EndProjectSection
EndProject
Project("{8BC9CEB8-8B4A-11D0-8D11-00A0C91BC942}") = "BulletDynamics", "src\BulletDynamics\BulletDynamics.vcxproj", "{F5CD7840-272F-3CE8-BE06-A37DB8FC1D90}"
	ProjectSection(ProjectDependencies) = postProject
		{BD733078-890F-39D6-946F-6D4BA304560C} = {BD733078-890F-39D6-946F-6D4BA304560C}
	EndProjectSection
EndProject
Project("{8BC9CEB8-8B4A-11D0-8D11-00A0C91BC942}") = "BulletExampleBrowserLib", "examples\ExampleBrowser\BulletExampleBrowserLib.vcxproj", "{596E23E8-3E1E-392C-8674-F0E6A106A1E8}"
	ProjectSection(ProjectDependencies) = postProject
		{BD733078-890F-39D6-946F-6D4BA304560C} = {BD733078-890F-39D6-946F-6D4BA304560C}
	EndProjectSection
EndProject
Project("{8BC9CEB8-8B4A-11D0-8D11-00A0C91BC942}") = "BulletFileLoader", "Extras\Serialize\BulletFileLoader\BulletFileLoader.vcxproj", "{F26CA659-D0A8-3399-B6F5-01234B987C5B}"
	ProjectSection(ProjectDependencies) = postProject
		{BD733078-890F-39D6-946F-6D4BA304560C} = {BD733078-890F-39D6-946F-6D4BA304560C}
	EndProjectSection
EndProject
Project("{8BC9CEB8-8B4A-11D0-8D11-00A0C91BC942}") = "BulletInverseDynamics", "src\BulletInverseDynamics\BulletInverseDynamics.vcxproj", "{11804EF0-37BB-3337-B0AD-7342937AFFC8}"
	ProjectSection(ProjectDependencies) = postProject
		{BD733078-890F-39D6-946F-6D4BA304560C} = {BD733078-890F-39D6-946F-6D4BA304560C}
	EndProjectSection
EndProject
Project("{8BC9CEB8-8B4A-11D0-8D11-00A0C91BC942}") = "BulletInverseDynamicsUtils", "Extras\InverseDynamics\BulletInverseDynamicsUtils.vcxproj", "{6FCB07DC-9633-36A0-B243-F8C799E32E13}"
	ProjectSection(ProjectDependencies) = postProject
		{BD733078-890F-39D6-946F-6D4BA304560C} = {BD733078-890F-39D6-946F-6D4BA304560C}
	EndProjectSection
EndProject
Project("{8BC9CEB8-8B4A-11D0-8D11-00A0C91BC942}") = "BulletRobotics", "Extras\BulletRobotics\BulletRobotics.vcxproj", "{F65E84BC-AB9F-379F-9C72-6ECF76444D05}"
	ProjectSection(ProjectDependencies) = postProject
		{BD733078-890F-39D6-946F-6D4BA304560C} = {BD733078-890F-39D6-946F-6D4BA304560C}
	EndProjectSection
EndProject
Project("{8BC9CEB8-8B4A-11D0-8D11-00A0C91BC942}") = "BulletSoftBody", "src\BulletSoftBody\BulletSoftBody.vcxproj", "{6B929238-D1BB-38F2-BE97-8360F31B2BCD}"
	ProjectSection(ProjectDependencies) = postProject
		{BD733078-890F-39D6-946F-6D4BA304560C} = {BD733078-890F-39D6-946F-6D4BA304560C}
	EndProjectSection
EndProject
Project("{8BC9CEB8-8B4A-11D0-8D11-00A0C91BC942}") = "BulletWorldImporter", "Extras\Serialize\BulletWorldImporter\BulletWorldImporter.vcxproj", "{4C9BC0F5-D17D-31FD-9F33-F9DBDEFF2F2E}"
	ProjectSection(ProjectDependencies) = postProject
		{BD733078-890F-39D6-946F-6D4BA304560C} = {BD733078-890F-39D6-946F-6D4BA304560C}
	EndProjectSection
EndProject
Project("{8BC9CEB8-8B4A-11D0-8D11-00A0C91BC942}") = "BulletXmlWorldImporter", "Extras\Serialize\BulletXmlWorldImporter\BulletXmlWorldImporter.vcxproj", "{1DAF3E30-0E33-3A1E-883D-9BE304DAD325}"
	ProjectSection(ProjectDependencies) = postProject
		{BD733078-890F-39D6-946F-6D4BA304560C} = {BD733078-890F-39D6-946F-6D4BA304560C}
	EndProjectSection
EndProject
Project("{8BC9CEB8-8B4A-11D0-8D11-00A0C91BC942}") = "BussIK", "examples\ThirdPartyLibs\BussIK\BussIK.vcxproj", "{1C00223E-E0E1-3455-B81B-DD7988994B32}"
	ProjectSection(ProjectDependencies) = postProject
		{BD733078-890F-39D6-946F-6D4BA304560C} = {BD733078-890F-39D6-946F-6D4BA304560C}
	EndProjectSection
EndProject
Project("{8BC9CEB8-8B4A-11D0-8D11-00A0C91BC942}") = "ConvexDecomposition", "Extras\ConvexDecomposition\ConvexDecomposition.vcxproj", "{35390691-66BD-3DB1-AEBD-BC47D8F29EE4}"
	ProjectSection(ProjectDependencies) = postProject
		{BD733078-890F-39D6-946F-6D4BA304560C} = {BD733078-890F-39D6-946F-6D4BA304560C}
	EndProjectSection
EndProject
Project("{8BC9CEB8-8B4A-11D0-8D11-00A0C91BC942}") = "GIMPACTUtils", "Extras\GIMPACTUtils\GIMPACTUtils.vcxproj", "{A48574F9-E732-3F0D-B65E-D445A929DC43}"
	ProjectSection(ProjectDependencies) = postProject
		{BD733078-890F-39D6-946F-6D4BA304560C} = {BD733078-890F-39D6-946F-6D4BA304560C}
	EndProjectSection
EndProject
Project("{8BC9CEB8-8B4A-11D0-8D11-00A0C91BC942}") = "HACD", "Extras\HACD\HACD.vcxproj", "{3741ADDF-1CE1-3342-B7AC-D9BDB6DA5E50}"
	ProjectSection(ProjectDependencies) = postProject
		{BD733078-890F-39D6-946F-6D4BA304560C} = {BD733078-890F-39D6-946F-6D4BA304560C}
	EndProjectSection
EndProject
Project("{8BC9CEB8-8B4A-11D0-8D11-00A0C91BC942}") = "INSTALL", "INSTALL.vcxproj", "{EA58DE3C-9261-325E-925D-044CB694AD17}"
	ProjectSection(ProjectDependencies) = postProject
		{AD73F757-54EE-3843-A93D-5EEAB835874B} = {AD73F757-54EE-3843-A93D-5EEAB835874B}
		{BD733078-890F-39D6-946F-6D4BA304560C} = {BD733078-890F-39D6-946F-6D4BA304560C}
	EndProjectSection
EndProject
Project("{8BC9CEB8-8B4A-11D0-8D11-00A0C91BC942}") = "LinearMath", "src\LinearMath\LinearMath.vcxproj", "{CD077E80-A8A7-30E5-8D95-34F3E3723110}"
	ProjectSection(ProjectDependencies) = postProject
		{BD733078-890F-39D6-946F-6D4BA304560C} = {BD733078-890F-39D6-946F-6D4BA304560C}
	EndProjectSection
EndProject
Project("{8BC9CEB8-8B4A-11D0-8D11-00A0C91BC942}") = "OpenGLWindow", "examples\OpenGLWindow\OpenGLWindow.vcxproj", "{412A44DF-937C-35EC-8E52-3E28BA9C8FCC}"
	ProjectSection(ProjectDependencies) = postProject
		{BD733078-890F-39D6-946F-6D4BA304560C} = {BD733078-890F-39D6-946F-6D4BA304560C}
	EndProjectSection
EndProject
Project("{8BC9CEB8-8B4A-11D0-8D11-00A0C91BC942}") = "RUN_TESTS", "RUN_TESTS.vcxproj", "{E6B76C58-8E25-3FC5-BD2B-10BF5BFF8579}"
	ProjectSection(ProjectDependencies) = postProject
		{BD733078-890F-39D6-946F-6D4BA304560C} = {BD733078-890F-39D6-946F-6D4BA304560C}
	EndProjectSection
EndProject
Project("{8BC9CEB8-8B4A-11D0-8D11-00A0C91BC942}") = "Test_BulletDynamics", "test\BulletDynamics\pendulum\Test_BulletDynamics.vcxproj", "{17C45ABB-4C79-3639-BC52-40A05F884072}"
	ProjectSection(ProjectDependencies) = postProject
		{88E80494-7D8C-3323-AF37-5C7BCA88640F} = {88E80494-7D8C-3323-AF37-5C7BCA88640F}
		{F5CD7840-272F-3CE8-BE06-A37DB8FC1D90} = {F5CD7840-272F-3CE8-BE06-A37DB8FC1D90}
		{CD077E80-A8A7-30E5-8D95-34F3E3723110} = {CD077E80-A8A7-30E5-8D95-34F3E3723110}
		{BD733078-890F-39D6-946F-6D4BA304560C} = {BD733078-890F-39D6-946F-6D4BA304560C}
		{8DC4678D-C17A-384E-8276-76781542C781} = {8DC4678D-C17A-384E-8276-76781542C781}
	EndProjectSection
EndProject
Project("{8BC9CEB8-8B4A-11D0-8D11-00A0C91BC942}") = "Test_BulletInverseDynamics", "test\InverseDynamics\Test_BulletInverseDynamics.vcxproj", "{7668CCC6-E692-335D-8206-5B6C46B44762}"
	ProjectSection(ProjectDependencies) = postProject
		{512B3B3F-C147-3724-A98B-ACA1788A1A87} = {512B3B3F-C147-3724-A98B-ACA1788A1A87}
		{88E80494-7D8C-3323-AF37-5C7BCA88640F} = {88E80494-7D8C-3323-AF37-5C7BCA88640F}
		{F5CD7840-272F-3CE8-BE06-A37DB8FC1D90} = {F5CD7840-272F-3CE8-BE06-A37DB8FC1D90}
		{11804EF0-37BB-3337-B0AD-7342937AFFC8} = {11804EF0-37BB-3337-B0AD-7342937AFFC8}
		{6FCB07DC-9633-36A0-B243-F8C799E32E13} = {6FCB07DC-9633-36A0-B243-F8C799E32E13}
		{CD077E80-A8A7-30E5-8D95-34F3E3723110} = {CD077E80-A8A7-30E5-8D95-34F3E3723110}
		{BD733078-890F-39D6-946F-6D4BA304560C} = {BD733078-890F-39D6-946F-6D4BA304560C}
		{8DC4678D-C17A-384E-8276-76781542C781} = {8DC4678D-C17A-384E-8276-76781542C781}
	EndProjectSection
EndProject
Project("{8BC9CEB8-8B4A-11D0-8D11-00A0C91BC942}") = "Test_BulletInverseDynamicsJacobian", "test\InverseDynamics\Test_BulletInverseDynamicsJacobian.vcxproj", "{B7DEBDFD-AB59-3E2C-80EA-6E7DD8D62BF8}"
	ProjectSection(ProjectDependencies) = postProject
		{512B3B3F-C147-3724-A98B-ACA1788A1A87} = {512B3B3F-C147-3724-A98B-ACA1788A1A87}
		{11804EF0-37BB-3337-B0AD-7342937AFFC8} = {11804EF0-37BB-3337-B0AD-7342937AFFC8}
		{6FCB07DC-9633-36A0-B243-F8C799E32E13} = {6FCB07DC-9633-36A0-B243-F8C799E32E13}
		{CD077E80-A8A7-30E5-8D95-34F3E3723110} = {CD077E80-A8A7-30E5-8D95-34F3E3723110}
		{BD733078-890F-39D6-946F-6D4BA304560C} = {BD733078-890F-39D6-946F-6D4BA304560C}
		{8DC4678D-C17A-384E-8276-76781542C781} = {8DC4678D-C17A-384E-8276-76781542C781}
	EndProjectSection
EndProject
Project("{8BC9CEB8-8B4A-11D0-8D11-00A0C91BC942}") = "Test_BulletInverseForwardDynamics", "test\InverseDynamics\Test_BulletInverseForwardDynamics.vcxproj", "{66A12580-189A-3CC3-8D68-4A255EF43D27}"
	ProjectSection(ProjectDependencies) = postProject
		{512B3B3F-C147-3724-A98B-ACA1788A1A87} = {512B3B3F-C147-3724-A98B-ACA1788A1A87}
		{88E80494-7D8C-3323-AF37-5C7BCA88640F} = {88E80494-7D8C-3323-AF37-5C7BCA88640F}
		{F5CD7840-272F-3CE8-BE06-A37DB8FC1D90} = {F5CD7840-272F-3CE8-BE06-A37DB8FC1D90}
		{11804EF0-37BB-3337-B0AD-7342937AFFC8} = {11804EF0-37BB-3337-B0AD-7342937AFFC8}
		{6FCB07DC-9633-36A0-B243-F8C799E32E13} = {6FCB07DC-9633-36A0-B243-F8C799E32E13}
		{CD077E80-A8A7-30E5-8D95-34F3E3723110} = {CD077E80-A8A7-30E5-8D95-34F3E3723110}
		{BD733078-890F-39D6-946F-6D4BA304560C} = {BD733078-890F-39D6-946F-6D4BA304560C}
		{8DC4678D-C17A-384E-8276-76781542C781} = {8DC4678D-C17A-384E-8276-76781542C781}
	EndProjectSection
EndProject
Project("{8BC9CEB8-8B4A-11D0-8D11-00A0C91BC942}") = "Test_Collision", "test\collision\Test_Collision.vcxproj", "{F8A01F16-5A09-3452-959C-F9A50A61A211}"
	ProjectSection(ProjectDependencies) = postProject
		{CD077E80-A8A7-30E5-8D95-34F3E3723110} = {CD077E80-A8A7-30E5-8D95-34F3E3723110}
		{BD733078-890F-39D6-946F-6D4BA304560C} = {BD733078-890F-39D6-946F-6D4BA304560C}
		{8DC4678D-C17A-384E-8276-76781542C781} = {8DC4678D-C17A-384E-8276-76781542C781}
	EndProjectSection
EndProject
Project("{8BC9CEB8-8B4A-11D0-8D11-00A0C91BC942}") = "Test_PhysicsClientServer", "test\SharedMemory\Test_PhysicsClientServer.vcxproj", "{7A2A238B-4FB5-3305-9ED8-C850F18E5239}"
	ProjectSection(ProjectDependencies) = postProject
		{512B3B3F-C147-3724-A98B-ACA1788A1A87} = {512B3B3F-C147-3724-A98B-ACA1788A1A87}
		{88E80494-7D8C-3323-AF37-5C7BCA88640F} = {88E80494-7D8C-3323-AF37-5C7BCA88640F}
		{F5CD7840-272F-3CE8-BE06-A37DB8FC1D90} = {F5CD7840-272F-3CE8-BE06-A37DB8FC1D90}
		{F26CA659-D0A8-3399-B6F5-01234B987C5B} = {F26CA659-D0A8-3399-B6F5-01234B987C5B}
		{11804EF0-37BB-3337-B0AD-7342937AFFC8} = {11804EF0-37BB-3337-B0AD-7342937AFFC8}
		{6FCB07DC-9633-36A0-B243-F8C799E32E13} = {6FCB07DC-9633-36A0-B243-F8C799E32E13}
		{6B929238-D1BB-38F2-BE97-8360F31B2BCD} = {6B929238-D1BB-38F2-BE97-8360F31B2BCD}
		{4C9BC0F5-D17D-31FD-9F33-F9DBDEFF2F2E} = {4C9BC0F5-D17D-31FD-9F33-F9DBDEFF2F2E}
		{1C00223E-E0E1-3455-B81B-DD7988994B32} = {1C00223E-E0E1-3455-B81B-DD7988994B32}
		{CD077E80-A8A7-30E5-8D95-34F3E3723110} = {CD077E80-A8A7-30E5-8D95-34F3E3723110}
		{BD733078-890F-39D6-946F-6D4BA304560C} = {BD733078-890F-39D6-946F-6D4BA304560C}
		{8DC4678D-C17A-384E-8276-76781542C781} = {8DC4678D-C17A-384E-8276-76781542C781}
	EndProjectSection
EndProject
Project("{8BC9CEB8-8B4A-11D0-8D11-00A0C91BC942}") = "Test_btKinematicCharacterController", "test\BulletDynamics\Test_btKinematicCharacterController.vcxproj", "{E4A7EC00-59F2-3B48-86D7-001D002AA2DD}"
	ProjectSection(ProjectDependencies) = postProject
		{88E80494-7D8C-3323-AF37-5C7BCA88640F} = {88E80494-7D8C-3323-AF37-5C7BCA88640F}
		{F5CD7840-272F-3CE8-BE06-A37DB8FC1D90} = {F5CD7840-272F-3CE8-BE06-A37DB8FC1D90}
		{CD077E80-A8A7-30E5-8D95-34F3E3723110} = {CD077E80-A8A7-30E5-8D95-34F3E3723110}
		{BD733078-890F-39D6-946F-6D4BA304560C} = {BD733078-890F-39D6-946F-6D4BA304560C}
		{8DC4678D-C17A-384E-8276-76781542C781} = {8DC4678D-C17A-384E-8276-76781542C781}
	EndProjectSection
EndProject
Project("{8BC9CEB8-8B4A-11D0-8D11-00A0C91BC942}") = "ZERO_CHECK", "ZERO_CHECK.vcxproj", "{BD733078-890F-39D6-946F-6D4BA304560C}"
	ProjectSection(ProjectDependencies) = postProject
	EndProjectSection
EndProject
Project("{8BC9CEB8-8B4A-11D0-8D11-00A0C91BC942}") = "clsocket", "examples\ThirdPartyLibs\clsocket\clsocket.vcxproj", "{B028D93D-3C04-3FBE-ADFF-4987560CD8ED}"
	ProjectSection(ProjectDependencies) = postProject
		{BD733078-890F-39D6-946F-6D4BA304560C} = {BD733078-890F-39D6-946F-6D4BA304560C}
	EndProjectSection
EndProject
Project("{8BC9CEB8-8B4A-11D0-8D11-00A0C91BC942}") = "gtest", "test\gtest-1.7.0\gtest.vcxproj", "{8DC4678D-C17A-384E-8276-76781542C781}"
	ProjectSection(ProjectDependencies) = postProject
		{BD733078-890F-39D6-946F-6D4BA304560C} = {BD733078-890F-39D6-946F-6D4BA304560C}
	EndProjectSection
EndProject
Project("{8BC9CEB8-8B4A-11D0-8D11-00A0C91BC942}") = "gwen", "examples\ThirdPartyLibs\Gwen\gwen.vcxproj", "{5D7FF484-ABE6-3CF0-8AE0-6308B3D3D3FD}"
	ProjectSection(ProjectDependencies) = postProject
		{BD733078-890F-39D6-946F-6D4BA304560C} = {BD733078-890F-39D6-946F-6D4BA304560C}
	EndProjectSection
EndProject
Global
	GlobalSection(SolutionConfigurationPlatforms) = preSolution
		Debug|Win32 = Debug|Win32
		Release|Win32 = Release|Win32
		MinSizeRel|Win32 = MinSizeRel|Win32
		RelWithDebInfo|Win32 = RelWithDebInfo|Win32
	EndGlobalSection
	GlobalSection(ProjectConfigurationPlatforms) = postSolution
		{AD73F757-54EE-3843-A93D-5EEAB835874B}.Debug|Win32.ActiveCfg = Debug|Win32
		{AD73F757-54EE-3843-A93D-5EEAB835874B}.Debug|Win32.Build.0 = Debug|Win32
		{AD73F757-54EE-3843-A93D-5EEAB835874B}.Release|Win32.ActiveCfg = Release|Win32
		{AD73F757-54EE-3843-A93D-5EEAB835874B}.Release|Win32.Build.0 = Release|Win32
		{AD73F757-54EE-3843-A93D-5EEAB835874B}.MinSizeRel|Win32.ActiveCfg = MinSizeRel|Win32
		{AD73F757-54EE-3843-A93D-5EEAB835874B}.MinSizeRel|Win32.Build.0 = MinSizeRel|Win32
		{AD73F757-54EE-3843-A93D-5EEAB835874B}.RelWithDebInfo|Win32.ActiveCfg = RelWithDebInfo|Win32
		{AD73F757-54EE-3843-A93D-5EEAB835874B}.RelWithDebInfo|Win32.Build.0 = RelWithDebInfo|Win32
		{7737EE8B-5CE0-3B5D-89AC-1D9DAF6A6E19}.Debug|Win32.ActiveCfg = Debug|Win32
		{7737EE8B-5CE0-3B5D-89AC-1D9DAF6A6E19}.Debug|Win32.Build.0 = Debug|Win32
		{7737EE8B-5CE0-3B5D-89AC-1D9DAF6A6E19}.Release|Win32.ActiveCfg = Release|Win32
		{7737EE8B-5CE0-3B5D-89AC-1D9DAF6A6E19}.Release|Win32.Build.0 = Release|Win32
		{7737EE8B-5CE0-3B5D-89AC-1D9DAF6A6E19}.MinSizeRel|Win32.ActiveCfg = MinSizeRel|Win32
		{7737EE8B-5CE0-3B5D-89AC-1D9DAF6A6E19}.MinSizeRel|Win32.Build.0 = MinSizeRel|Win32
		{7737EE8B-5CE0-3B5D-89AC-1D9DAF6A6E19}.RelWithDebInfo|Win32.ActiveCfg = RelWithDebInfo|Win32
		{7737EE8B-5CE0-3B5D-89AC-1D9DAF6A6E19}.RelWithDebInfo|Win32.Build.0 = RelWithDebInfo|Win32
		{1B16B89F-E785-3A07-B8E3-0E99A1050C23}.Debug|Win32.ActiveCfg = Debug|Win32
		{1B16B89F-E785-3A07-B8E3-0E99A1050C23}.Debug|Win32.Build.0 = Debug|Win32
		{1B16B89F-E785-3A07-B8E3-0E99A1050C23}.Release|Win32.ActiveCfg = Release|Win32
		{1B16B89F-E785-3A07-B8E3-0E99A1050C23}.Release|Win32.Build.0 = Release|Win32
		{1B16B89F-E785-3A07-B8E3-0E99A1050C23}.MinSizeRel|Win32.ActiveCfg = MinSizeRel|Win32
		{1B16B89F-E785-3A07-B8E3-0E99A1050C23}.MinSizeRel|Win32.Build.0 = MinSizeRel|Win32
		{1B16B89F-E785-3A07-B8E3-0E99A1050C23}.RelWithDebInfo|Win32.ActiveCfg = RelWithDebInfo|Win32
		{1B16B89F-E785-3A07-B8E3-0E99A1050C23}.RelWithDebInfo|Win32.Build.0 = RelWithDebInfo|Win32
		{57935B3C-6500-3E4E-AFDD-BDCB72B2E30F}.Debug|Win32.ActiveCfg = Debug|Win32
		{57935B3C-6500-3E4E-AFDD-BDCB72B2E30F}.Debug|Win32.Build.0 = Debug|Win32
		{57935B3C-6500-3E4E-AFDD-BDCB72B2E30F}.Release|Win32.ActiveCfg = Release|Win32
		{57935B3C-6500-3E4E-AFDD-BDCB72B2E30F}.Release|Win32.Build.0 = Release|Win32
		{57935B3C-6500-3E4E-AFDD-BDCB72B2E30F}.MinSizeRel|Win32.ActiveCfg = MinSizeRel|Win32
		{57935B3C-6500-3E4E-AFDD-BDCB72B2E30F}.MinSizeRel|Win32.Build.0 = MinSizeRel|Win32
		{57935B3C-6500-3E4E-AFDD-BDCB72B2E30F}.RelWithDebInfo|Win32.ActiveCfg = RelWithDebInfo|Win32
		{57935B3C-6500-3E4E-AFDD-BDCB72B2E30F}.RelWithDebInfo|Win32.Build.0 = RelWithDebInfo|Win32
		{A645EE19-C7C4-31AF-91C2-E5579CD3BA4A}.Debug|Win32.ActiveCfg = Debug|Win32
		{A645EE19-C7C4-31AF-91C2-E5579CD3BA4A}.Debug|Win32.Build.0 = Debug|Win32
		{A645EE19-C7C4-31AF-91C2-E5579CD3BA4A}.Release|Win32.ActiveCfg = Release|Win32
		{A645EE19-C7C4-31AF-91C2-E5579CD3BA4A}.Release|Win32.Build.0 = Release|Win32
		{A645EE19-C7C4-31AF-91C2-E5579CD3BA4A}.MinSizeRel|Win32.ActiveCfg = MinSizeRel|Win32
		{A645EE19-C7C4-31AF-91C2-E5579CD3BA4A}.MinSizeRel|Win32.Build.0 = MinSizeRel|Win32
		{A645EE19-C7C4-31AF-91C2-E5579CD3BA4A}.RelWithDebInfo|Win32.ActiveCfg = RelWithDebInfo|Win32
		{A645EE19-C7C4-31AF-91C2-E5579CD3BA4A}.RelWithDebInfo|Win32.Build.0 = RelWithDebInfo|Win32
		{C6848C1B-463D-366A-9B34-D7F88120CB1C}.Debug|Win32.ActiveCfg = Debug|Win32
		{C6848C1B-463D-366A-9B34-D7F88120CB1C}.Debug|Win32.Build.0 = Debug|Win32
		{C6848C1B-463D-366A-9B34-D7F88120CB1C}.Release|Win32.ActiveCfg = Release|Win32
		{C6848C1B-463D-366A-9B34-D7F88120CB1C}.Release|Win32.Build.0 = Release|Win32
		{C6848C1B-463D-366A-9B34-D7F88120CB1C}.MinSizeRel|Win32.ActiveCfg = MinSizeRel|Win32
		{C6848C1B-463D-366A-9B34-D7F88120CB1C}.MinSizeRel|Win32.Build.0 = MinSizeRel|Win32
		{C6848C1B-463D-366A-9B34-D7F88120CB1C}.RelWithDebInfo|Win32.ActiveCfg = RelWithDebInfo|Win32
		{C6848C1B-463D-366A-9B34-D7F88120CB1C}.RelWithDebInfo|Win32.Build.0 = RelWithDebInfo|Win32
		{DBB4C0D7-EB07-345F-893F-ED33859D8ED9}.Debug|Win32.ActiveCfg = Debug|Win32
		{DBB4C0D7-EB07-345F-893F-ED33859D8ED9}.Debug|Win32.Build.0 = Debug|Win32
		{DBB4C0D7-EB07-345F-893F-ED33859D8ED9}.Release|Win32.ActiveCfg = Release|Win32
		{DBB4C0D7-EB07-345F-893F-ED33859D8ED9}.Release|Win32.Build.0 = Release|Win32
		{DBB4C0D7-EB07-345F-893F-ED33859D8ED9}.MinSizeRel|Win32.ActiveCfg = MinSizeRel|Win32
		{DBB4C0D7-EB07-345F-893F-ED33859D8ED9}.MinSizeRel|Win32.Build.0 = MinSizeRel|Win32
		{DBB4C0D7-EB07-345F-893F-ED33859D8ED9}.RelWithDebInfo|Win32.ActiveCfg = RelWithDebInfo|Win32
		{DBB4C0D7-EB07-345F-893F-ED33859D8ED9}.RelWithDebInfo|Win32.Build.0 = RelWithDebInfo|Win32
		{CCDE9F8A-632B-37B3-9084-19736212F962}.Debug|Win32.ActiveCfg = Debug|Win32
		{CCDE9F8A-632B-37B3-9084-19736212F962}.Debug|Win32.Build.0 = Debug|Win32
		{CCDE9F8A-632B-37B3-9084-19736212F962}.Release|Win32.ActiveCfg = Release|Win32
		{CCDE9F8A-632B-37B3-9084-19736212F962}.Release|Win32.Build.0 = Release|Win32
		{CCDE9F8A-632B-37B3-9084-19736212F962}.MinSizeRel|Win32.ActiveCfg = MinSizeRel|Win32
		{CCDE9F8A-632B-37B3-9084-19736212F962}.MinSizeRel|Win32.Build.0 = MinSizeRel|Win32
		{CCDE9F8A-632B-37B3-9084-19736212F962}.RelWithDebInfo|Win32.ActiveCfg = RelWithDebInfo|Win32
		{CCDE9F8A-632B-37B3-9084-19736212F962}.RelWithDebInfo|Win32.Build.0 = RelWithDebInfo|Win32
		{E7C20A0A-2459-346B-9A4C-2AF550044AE8}.Debug|Win32.ActiveCfg = Debug|Win32
		{E7C20A0A-2459-346B-9A4C-2AF550044AE8}.Debug|Win32.Build.0 = Debug|Win32
		{E7C20A0A-2459-346B-9A4C-2AF550044AE8}.Release|Win32.ActiveCfg = Release|Win32
		{E7C20A0A-2459-346B-9A4C-2AF550044AE8}.Release|Win32.Build.0 = Release|Win32
		{E7C20A0A-2459-346B-9A4C-2AF550044AE8}.MinSizeRel|Win32.ActiveCfg = MinSizeRel|Win32
		{E7C20A0A-2459-346B-9A4C-2AF550044AE8}.MinSizeRel|Win32.Build.0 = MinSizeRel|Win32
		{E7C20A0A-2459-346B-9A4C-2AF550044AE8}.RelWithDebInfo|Win32.ActiveCfg = RelWithDebInfo|Win32
		{E7C20A0A-2459-346B-9A4C-2AF550044AE8}.RelWithDebInfo|Win32.Build.0 = RelWithDebInfo|Win32
		{F1B2E0B0-3751-333F-90D5-532D9CA1202A}.Debug|Win32.ActiveCfg = Debug|Win32
		{F1B2E0B0-3751-333F-90D5-532D9CA1202A}.Debug|Win32.Build.0 = Debug|Win32
		{F1B2E0B0-3751-333F-90D5-532D9CA1202A}.Release|Win32.ActiveCfg = Release|Win32
		{F1B2E0B0-3751-333F-90D5-532D9CA1202A}.Release|Win32.Build.0 = Release|Win32
		{F1B2E0B0-3751-333F-90D5-532D9CA1202A}.MinSizeRel|Win32.ActiveCfg = MinSizeRel|Win32
		{F1B2E0B0-3751-333F-90D5-532D9CA1202A}.MinSizeRel|Win32.Build.0 = MinSizeRel|Win32
		{F1B2E0B0-3751-333F-90D5-532D9CA1202A}.RelWithDebInfo|Win32.ActiveCfg = RelWithDebInfo|Win32
		{F1B2E0B0-3751-333F-90D5-532D9CA1202A}.RelWithDebInfo|Win32.Build.0 = RelWithDebInfo|Win32
		{C3A257FC-3BB6-3514-B121-1B64E5DEF5D5}.Debug|Win32.ActiveCfg = Debug|Win32
		{C3A257FC-3BB6-3514-B121-1B64E5DEF5D5}.Debug|Win32.Build.0 = Debug|Win32
		{C3A257FC-3BB6-3514-B121-1B64E5DEF5D5}.Release|Win32.ActiveCfg = Release|Win32
		{C3A257FC-3BB6-3514-B121-1B64E5DEF5D5}.Release|Win32.Build.0 = Release|Win32
		{C3A257FC-3BB6-3514-B121-1B64E5DEF5D5}.MinSizeRel|Win32.ActiveCfg = MinSizeRel|Win32
		{C3A257FC-3BB6-3514-B121-1B64E5DEF5D5}.MinSizeRel|Win32.Build.0 = MinSizeRel|Win32
		{C3A257FC-3BB6-3514-B121-1B64E5DEF5D5}.RelWithDebInfo|Win32.ActiveCfg = RelWithDebInfo|Win32
		{C3A257FC-3BB6-3514-B121-1B64E5DEF5D5}.RelWithDebInfo|Win32.Build.0 = RelWithDebInfo|Win32
		{829A0F28-2ECC-3F8B-A693-86925D7B0109}.Debug|Win32.ActiveCfg = Debug|Win32
		{829A0F28-2ECC-3F8B-A693-86925D7B0109}.Debug|Win32.Build.0 = Debug|Win32
		{829A0F28-2ECC-3F8B-A693-86925D7B0109}.Release|Win32.ActiveCfg = Release|Win32
		{829A0F28-2ECC-3F8B-A693-86925D7B0109}.Release|Win32.Build.0 = Release|Win32
		{829A0F28-2ECC-3F8B-A693-86925D7B0109}.MinSizeRel|Win32.ActiveCfg = MinSizeRel|Win32
		{829A0F28-2ECC-3F8B-A693-86925D7B0109}.MinSizeRel|Win32.Build.0 = MinSizeRel|Win32
		{829A0F28-2ECC-3F8B-A693-86925D7B0109}.RelWithDebInfo|Win32.ActiveCfg = RelWithDebInfo|Win32
		{829A0F28-2ECC-3F8B-A693-86925D7B0109}.RelWithDebInfo|Win32.Build.0 = RelWithDebInfo|Win32
		{30638FBC-CBDE-3948-B549-2C78B554668F}.Debug|Win32.ActiveCfg = Debug|Win32
		{30638FBC-CBDE-3948-B549-2C78B554668F}.Debug|Win32.Build.0 = Debug|Win32
		{30638FBC-CBDE-3948-B549-2C78B554668F}.Release|Win32.ActiveCfg = Release|Win32
		{30638FBC-CBDE-3948-B549-2C78B554668F}.Release|Win32.Build.0 = Release|Win32
		{30638FBC-CBDE-3948-B549-2C78B554668F}.MinSizeRel|Win32.ActiveCfg = MinSizeRel|Win32
		{30638FBC-CBDE-3948-B549-2C78B554668F}.MinSizeRel|Win32.Build.0 = MinSizeRel|Win32
		{30638FBC-CBDE-3948-B549-2C78B554668F}.RelWithDebInfo|Win32.ActiveCfg = RelWithDebInfo|Win32
		{30638FBC-CBDE-3948-B549-2C78B554668F}.RelWithDebInfo|Win32.Build.0 = RelWithDebInfo|Win32
		{363E2CC4-19B2-3B5B-99EE-F24DEB720139}.Debug|Win32.ActiveCfg = Debug|Win32
		{363E2CC4-19B2-3B5B-99EE-F24DEB720139}.Debug|Win32.Build.0 = Debug|Win32
		{363E2CC4-19B2-3B5B-99EE-F24DEB720139}.Release|Win32.ActiveCfg = Release|Win32
		{363E2CC4-19B2-3B5B-99EE-F24DEB720139}.Release|Win32.Build.0 = Release|Win32
		{363E2CC4-19B2-3B5B-99EE-F24DEB720139}.MinSizeRel|Win32.ActiveCfg = MinSizeRel|Win32
		{363E2CC4-19B2-3B5B-99EE-F24DEB720139}.MinSizeRel|Win32.Build.0 = MinSizeRel|Win32
		{363E2CC4-19B2-3B5B-99EE-F24DEB720139}.RelWithDebInfo|Win32.ActiveCfg = RelWithDebInfo|Win32
		{363E2CC4-19B2-3B5B-99EE-F24DEB720139}.RelWithDebInfo|Win32.Build.0 = RelWithDebInfo|Win32
		{C13AF734-DDF9-3883-B89E-B0F2172D7033}.Debug|Win32.ActiveCfg = Debug|Win32
		{C13AF734-DDF9-3883-B89E-B0F2172D7033}.Debug|Win32.Build.0 = Debug|Win32
		{C13AF734-DDF9-3883-B89E-B0F2172D7033}.Release|Win32.ActiveCfg = Release|Win32
		{C13AF734-DDF9-3883-B89E-B0F2172D7033}.Release|Win32.Build.0 = Release|Win32
		{C13AF734-DDF9-3883-B89E-B0F2172D7033}.MinSizeRel|Win32.ActiveCfg = MinSizeRel|Win32
		{C13AF734-DDF9-3883-B89E-B0F2172D7033}.MinSizeRel|Win32.Build.0 = MinSizeRel|Win32
		{C13AF734-DDF9-3883-B89E-B0F2172D7033}.RelWithDebInfo|Win32.ActiveCfg = RelWithDebInfo|Win32
		{C13AF734-DDF9-3883-B89E-B0F2172D7033}.RelWithDebInfo|Win32.Build.0 = RelWithDebInfo|Win32
		{512B3B3F-C147-3724-A98B-ACA1788A1A87}.Debug|Win32.ActiveCfg = Debug|Win32
		{512B3B3F-C147-3724-A98B-ACA1788A1A87}.Debug|Win32.Build.0 = Debug|Win32
		{512B3B3F-C147-3724-A98B-ACA1788A1A87}.Release|Win32.ActiveCfg = Release|Win32
		{512B3B3F-C147-3724-A98B-ACA1788A1A87}.Release|Win32.Build.0 = Release|Win32
		{512B3B3F-C147-3724-A98B-ACA1788A1A87}.MinSizeRel|Win32.ActiveCfg = MinSizeRel|Win32
		{512B3B3F-C147-3724-A98B-ACA1788A1A87}.MinSizeRel|Win32.Build.0 = MinSizeRel|Win32
		{512B3B3F-C147-3724-A98B-ACA1788A1A87}.RelWithDebInfo|Win32.ActiveCfg = RelWithDebInfo|Win32
		{512B3B3F-C147-3724-A98B-ACA1788A1A87}.RelWithDebInfo|Win32.Build.0 = RelWithDebInfo|Win32
		{FE0054DB-E9F3-3949-9780-318E04FE5A99}.Debug|Win32.ActiveCfg = Debug|Win32
		{FE0054DB-E9F3-3949-9780-318E04FE5A99}.Debug|Win32.Build.0 = Debug|Win32
		{FE0054DB-E9F3-3949-9780-318E04FE5A99}.Release|Win32.ActiveCfg = Release|Win32
		{FE0054DB-E9F3-3949-9780-318E04FE5A99}.Release|Win32.Build.0 = Release|Win32
		{FE0054DB-E9F3-3949-9780-318E04FE5A99}.MinSizeRel|Win32.ActiveCfg = MinSizeRel|Win32
		{FE0054DB-E9F3-3949-9780-318E04FE5A99}.MinSizeRel|Win32.Build.0 = MinSizeRel|Win32
		{FE0054DB-E9F3-3949-9780-318E04FE5A99}.RelWithDebInfo|Win32.ActiveCfg = RelWithDebInfo|Win32
		{FE0054DB-E9F3-3949-9780-318E04FE5A99}.RelWithDebInfo|Win32.Build.0 = RelWithDebInfo|Win32
		{AD63C062-40C6-3D9B-9050-E406B4254BE7}.Debug|Win32.ActiveCfg = Debug|Win32
		{AD63C062-40C6-3D9B-9050-E406B4254BE7}.Debug|Win32.Build.0 = Debug|Win32
		{AD63C062-40C6-3D9B-9050-E406B4254BE7}.Release|Win32.ActiveCfg = Release|Win32
		{AD63C062-40C6-3D9B-9050-E406B4254BE7}.Release|Win32.Build.0 = Release|Win32
		{AD63C062-40C6-3D9B-9050-E406B4254BE7}.MinSizeRel|Win32.ActiveCfg = MinSizeRel|Win32
		{AD63C062-40C6-3D9B-9050-E406B4254BE7}.MinSizeRel|Win32.Build.0 = MinSizeRel|Win32
		{AD63C062-40C6-3D9B-9050-E406B4254BE7}.RelWithDebInfo|Win32.ActiveCfg = RelWithDebInfo|Win32
		{AD63C062-40C6-3D9B-9050-E406B4254BE7}.RelWithDebInfo|Win32.Build.0 = RelWithDebInfo|Win32
		{E0704536-14C5-3823-AC93-2A9B8F1D4B64}.Debug|Win32.ActiveCfg = Debug|Win32
		{E0704536-14C5-3823-AC93-2A9B8F1D4B64}.Debug|Win32.Build.0 = Debug|Win32
		{E0704536-14C5-3823-AC93-2A9B8F1D4B64}.Release|Win32.ActiveCfg = Release|Win32
		{E0704536-14C5-3823-AC93-2A9B8F1D4B64}.Release|Win32.Build.0 = Release|Win32
		{E0704536-14C5-3823-AC93-2A9B8F1D4B64}.MinSizeRel|Win32.ActiveCfg = MinSizeRel|Win32
		{E0704536-14C5-3823-AC93-2A9B8F1D4B64}.MinSizeRel|Win32.Build.0 = MinSizeRel|Win32
		{E0704536-14C5-3823-AC93-2A9B8F1D4B64}.RelWithDebInfo|Win32.ActiveCfg = RelWithDebInfo|Win32
		{E0704536-14C5-3823-AC93-2A9B8F1D4B64}.RelWithDebInfo|Win32.Build.0 = RelWithDebInfo|Win32
		{88E80494-7D8C-3323-AF37-5C7BCA88640F}.Debug|Win32.ActiveCfg = Debug|Win32
		{88E80494-7D8C-3323-AF37-5C7BCA88640F}.Debug|Win32.Build.0 = Debug|Win32
		{88E80494-7D8C-3323-AF37-5C7BCA88640F}.Release|Win32.ActiveCfg = Release|Win32
		{88E80494-7D8C-3323-AF37-5C7BCA88640F}.Release|Win32.Build.0 = Release|Win32
		{88E80494-7D8C-3323-AF37-5C7BCA88640F}.MinSizeRel|Win32.ActiveCfg = MinSizeRel|Win32
		{88E80494-7D8C-3323-AF37-5C7BCA88640F}.MinSizeRel|Win32.Build.0 = MinSizeRel|Win32
		{88E80494-7D8C-3323-AF37-5C7BCA88640F}.RelWithDebInfo|Win32.ActiveCfg = RelWithDebInfo|Win32
		{88E80494-7D8C-3323-AF37-5C7BCA88640F}.RelWithDebInfo|Win32.Build.0 = RelWithDebInfo|Win32
		{F5CD7840-272F-3CE8-BE06-A37DB8FC1D90}.Debug|Win32.ActiveCfg = Debug|Win32
		{F5CD7840-272F-3CE8-BE06-A37DB8FC1D90}.Debug|Win32.Build.0 = Debug|Win32
		{F5CD7840-272F-3CE8-BE06-A37DB8FC1D90}.Release|Win32.ActiveCfg = Release|Win32
		{F5CD7840-272F-3CE8-BE06-A37DB8FC1D90}.Release|Win32.Build.0 = Release|Win32
		{F5CD7840-272F-3CE8-BE06-A37DB8FC1D90}.MinSizeRel|Win32.ActiveCfg = MinSizeRel|Win32
		{F5CD7840-272F-3CE8-BE06-A37DB8FC1D90}.MinSizeRel|Win32.Build.0 = MinSizeRel|Win32
		{F5CD7840-272F-3CE8-BE06-A37DB8FC1D90}.RelWithDebInfo|Win32.ActiveCfg = RelWithDebInfo|Win32
		{F5CD7840-272F-3CE8-BE06-A37DB8FC1D90}.RelWithDebInfo|Win32.Build.0 = RelWithDebInfo|Win32
		{596E23E8-3E1E-392C-8674-F0E6A106A1E8}.Debug|Win32.ActiveCfg = Debug|Win32
		{596E23E8-3E1E-392C-8674-F0E6A106A1E8}.Debug|Win32.Build.0 = Debug|Win32
		{596E23E8-3E1E-392C-8674-F0E6A106A1E8}.Release|Win32.ActiveCfg = Release|Win32
		{596E23E8-3E1E-392C-8674-F0E6A106A1E8}.Release|Win32.Build.0 = Release|Win32
		{596E23E8-3E1E-392C-8674-F0E6A106A1E8}.MinSizeRel|Win32.ActiveCfg = MinSizeRel|Win32
		{596E23E8-3E1E-392C-8674-F0E6A106A1E8}.MinSizeRel|Win32.Build.0 = MinSizeRel|Win32
		{596E23E8-3E1E-392C-8674-F0E6A106A1E8}.RelWithDebInfo|Win32.ActiveCfg = RelWithDebInfo|Win32
		{596E23E8-3E1E-392C-8674-F0E6A106A1E8}.RelWithDebInfo|Win32.Build.0 = RelWithDebInfo|Win32
		{F26CA659-D0A8-3399-B6F5-01234B987C5B}.Debug|Win32.ActiveCfg = Debug|Win32
		{F26CA659-D0A8-3399-B6F5-01234B987C5B}.Debug|Win32.Build.0 = Debug|Win32
		{F26CA659-D0A8-3399-B6F5-01234B987C5B}.Release|Win32.ActiveCfg = Release|Win32
		{F26CA659-D0A8-3399-B6F5-01234B987C5B}.Release|Win32.Build.0 = Release|Win32
		{F26CA659-D0A8-3399-B6F5-01234B987C5B}.MinSizeRel|Win32.ActiveCfg = MinSizeRel|Win32
		{F26CA659-D0A8-3399-B6F5-01234B987C5B}.MinSizeRel|Win32.Build.0 = MinSizeRel|Win32
		{F26CA659-D0A8-3399-B6F5-01234B987C5B}.RelWithDebInfo|Win32.ActiveCfg = RelWithDebInfo|Win32
		{F26CA659-D0A8-3399-B6F5-01234B987C5B}.RelWithDebInfo|Win32.Build.0 = RelWithDebInfo|Win32
		{11804EF0-37BB-3337-B0AD-7342937AFFC8}.Debug|Win32.ActiveCfg = Debug|Win32
		{11804EF0-37BB-3337-B0AD-7342937AFFC8}.Debug|Win32.Build.0 = Debug|Win32
		{11804EF0-37BB-3337-B0AD-7342937AFFC8}.Release|Win32.ActiveCfg = Release|Win32
		{11804EF0-37BB-3337-B0AD-7342937AFFC8}.Release|Win32.Build.0 = Release|Win32
		{11804EF0-37BB-3337-B0AD-7342937AFFC8}.MinSizeRel|Win32.ActiveCfg = MinSizeRel|Win32
		{11804EF0-37BB-3337-B0AD-7342937AFFC8}.MinSizeRel|Win32.Build.0 = MinSizeRel|Win32
		{11804EF0-37BB-3337-B0AD-7342937AFFC8}.RelWithDebInfo|Win32.ActiveCfg = RelWithDebInfo|Win32
		{11804EF0-37BB-3337-B0AD-7342937AFFC8}.RelWithDebInfo|Win32.Build.0 = RelWithDebInfo|Win32
		{6FCB07DC-9633-36A0-B243-F8C799E32E13}.Debug|Win32.ActiveCfg = Debug|Win32
		{6FCB07DC-9633-36A0-B243-F8C799E32E13}.Debug|Win32.Build.0 = Debug|Win32
		{6FCB07DC-9633-36A0-B243-F8C799E32E13}.Release|Win32.ActiveCfg = Release|Win32
		{6FCB07DC-9633-36A0-B243-F8C799E32E13}.Release|Win32.Build.0 = Release|Win32
		{6FCB07DC-9633-36A0-B243-F8C799E32E13}.MinSizeRel|Win32.ActiveCfg = MinSizeRel|Win32
		{6FCB07DC-9633-36A0-B243-F8C799E32E13}.MinSizeRel|Win32.Build.0 = MinSizeRel|Win32
		{6FCB07DC-9633-36A0-B243-F8C799E32E13}.RelWithDebInfo|Win32.ActiveCfg = RelWithDebInfo|Win32
		{6FCB07DC-9633-36A0-B243-F8C799E32E13}.RelWithDebInfo|Win32.Build.0 = RelWithDebInfo|Win32
		{F65E84BC-AB9F-379F-9C72-6ECF76444D05}.Debug|Win32.ActiveCfg = Debug|Win32
		{F65E84BC-AB9F-379F-9C72-6ECF76444D05}.Debug|Win32.Build.0 = Debug|Win32
		{F65E84BC-AB9F-379F-9C72-6ECF76444D05}.Release|Win32.ActiveCfg = Release|Win32
		{F65E84BC-AB9F-379F-9C72-6ECF76444D05}.Release|Win32.Build.0 = Release|Win32
		{F65E84BC-AB9F-379F-9C72-6ECF76444D05}.MinSizeRel|Win32.ActiveCfg = MinSizeRel|Win32
		{F65E84BC-AB9F-379F-9C72-6ECF76444D05}.MinSizeRel|Win32.Build.0 = MinSizeRel|Win32
		{F65E84BC-AB9F-379F-9C72-6ECF76444D05}.RelWithDebInfo|Win32.ActiveCfg = RelWithDebInfo|Win32
		{F65E84BC-AB9F-379F-9C72-6ECF76444D05}.RelWithDebInfo|Win32.Build.0 = RelWithDebInfo|Win32
		{6B929238-D1BB-38F2-BE97-8360F31B2BCD}.Debug|Win32.ActiveCfg = Debug|Win32
		{6B929238-D1BB-38F2-BE97-8360F31B2BCD}.Debug|Win32.Build.0 = Debug|Win32
		{6B929238-D1BB-38F2-BE97-8360F31B2BCD}.Release|Win32.ActiveCfg = Release|Win32
		{6B929238-D1BB-38F2-BE97-8360F31B2BCD}.Release|Win32.Build.0 = Release|Win32
		{6B929238-D1BB-38F2-BE97-8360F31B2BCD}.MinSizeRel|Win32.ActiveCfg = MinSizeRel|Win32
		{6B929238-D1BB-38F2-BE97-8360F31B2BCD}.MinSizeRel|Win32.Build.0 = MinSizeRel|Win32
		{6B929238-D1BB-38F2-BE97-8360F31B2BCD}.RelWithDebInfo|Win32.ActiveCfg = RelWithDebInfo|Win32
		{6B929238-D1BB-38F2-BE97-8360F31B2BCD}.RelWithDebInfo|Win32.Build.0 = RelWithDebInfo|Win32
		{4C9BC0F5-D17D-31FD-9F33-F9DBDEFF2F2E}.Debug|Win32.ActiveCfg = Debug|Win32
		{4C9BC0F5-D17D-31FD-9F33-F9DBDEFF2F2E}.Debug|Win32.Build.0 = Debug|Win32
		{4C9BC0F5-D17D-31FD-9F33-F9DBDEFF2F2E}.Release|Win32.ActiveCfg = Release|Win32
		{4C9BC0F5-D17D-31FD-9F33-F9DBDEFF2F2E}.Release|Win32.Build.0 = Release|Win32
		{4C9BC0F5-D17D-31FD-9F33-F9DBDEFF2F2E}.MinSizeRel|Win32.ActiveCfg = MinSizeRel|Win32
		{4C9BC0F5-D17D-31FD-9F33-F9DBDEFF2F2E}.MinSizeRel|Win32.Build.0 = MinSizeRel|Win32
		{4C9BC0F5-D17D-31FD-9F33-F9DBDEFF2F2E}.RelWithDebInfo|Win32.ActiveCfg = RelWithDebInfo|Win32
		{4C9BC0F5-D17D-31FD-9F33-F9DBDEFF2F2E}.RelWithDebInfo|Win32.Build.0 = RelWithDebInfo|Win32
		{1DAF3E30-0E33-3A1E-883D-9BE304DAD325}.Debug|Win32.ActiveCfg = Debug|Win32
		{1DAF3E30-0E33-3A1E-883D-9BE304DAD325}.Debug|Win32.Build.0 = Debug|Win32
		{1DAF3E30-0E33-3A1E-883D-9BE304DAD325}.Release|Win32.ActiveCfg = Release|Win32
		{1DAF3E30-0E33-3A1E-883D-9BE304DAD325}.Release|Win32.Build.0 = Release|Win32
		{1DAF3E30-0E33-3A1E-883D-9BE304DAD325}.MinSizeRel|Win32.ActiveCfg = MinSizeRel|Win32
		{1DAF3E30-0E33-3A1E-883D-9BE304DAD325}.MinSizeRel|Win32.Build.0 = MinSizeRel|Win32
		{1DAF3E30-0E33-3A1E-883D-9BE304DAD325}.RelWithDebInfo|Win32.ActiveCfg = RelWithDebInfo|Win32
		{1DAF3E30-0E33-3A1E-883D-9BE304DAD325}.RelWithDebInfo|Win32.Build.0 = RelWithDebInfo|Win32
		{1C00223E-E0E1-3455-B81B-DD7988994B32}.Debug|Win32.ActiveCfg = Debug|Win32
		{1C00223E-E0E1-3455-B81B-DD7988994B32}.Debug|Win32.Build.0 = Debug|Win32
		{1C00223E-E0E1-3455-B81B-DD7988994B32}.Release|Win32.ActiveCfg = Release|Win32
		{1C00223E-E0E1-3455-B81B-DD7988994B32}.Release|Win32.Build.0 = Release|Win32
		{1C00223E-E0E1-3455-B81B-DD7988994B32}.MinSizeRel|Win32.ActiveCfg = MinSizeRel|Win32
		{1C00223E-E0E1-3455-B81B-DD7988994B32}.MinSizeRel|Win32.Build.0 = MinSizeRel|Win32
		{1C00223E-E0E1-3455-B81B-DD7988994B32}.RelWithDebInfo|Win32.ActiveCfg = RelWithDebInfo|Win32
		{1C00223E-E0E1-3455-B81B-DD7988994B32}.RelWithDebInfo|Win32.Build.0 = RelWithDebInfo|Win32
		{35390691-66BD-3DB1-AEBD-BC47D8F29EE4}.Debug|Win32.ActiveCfg = Debug|Win32
		{35390691-66BD-3DB1-AEBD-BC47D8F29EE4}.Debug|Win32.Build.0 = Debug|Win32
		{35390691-66BD-3DB1-AEBD-BC47D8F29EE4}.Release|Win32.ActiveCfg = Release|Win32
		{35390691-66BD-3DB1-AEBD-BC47D8F29EE4}.Release|Win32.Build.0 = Release|Win32
		{35390691-66BD-3DB1-AEBD-BC47D8F29EE4}.MinSizeRel|Win32.ActiveCfg = MinSizeRel|Win32
		{35390691-66BD-3DB1-AEBD-BC47D8F29EE4}.MinSizeRel|Win32.Build.0 = MinSizeRel|Win32
		{35390691-66BD-3DB1-AEBD-BC47D8F29EE4}.RelWithDebInfo|Win32.ActiveCfg = RelWithDebInfo|Win32
		{35390691-66BD-3DB1-AEBD-BC47D8F29EE4}.RelWithDebInfo|Win32.Build.0 = RelWithDebInfo|Win32
		{A48574F9-E732-3F0D-B65E-D445A929DC43}.Debug|Win32.ActiveCfg = Debug|Win32
		{A48574F9-E732-3F0D-B65E-D445A929DC43}.Debug|Win32.Build.0 = Debug|Win32
		{A48574F9-E732-3F0D-B65E-D445A929DC43}.Release|Win32.ActiveCfg = Release|Win32
		{A48574F9-E732-3F0D-B65E-D445A929DC43}.Release|Win32.Build.0 = Release|Win32
		{A48574F9-E732-3F0D-B65E-D445A929DC43}.MinSizeRel|Win32.ActiveCfg = MinSizeRel|Win32
		{A48574F9-E732-3F0D-B65E-D445A929DC43}.MinSizeRel|Win32.Build.0 = MinSizeRel|Win32
		{A48574F9-E732-3F0D-B65E-D445A929DC43}.RelWithDebInfo|Win32.ActiveCfg = RelWithDebInfo|Win32
		{A48574F9-E732-3F0D-B65E-D445A929DC43}.RelWithDebInfo|Win32.Build.0 = RelWithDebInfo|Win32
		{3741ADDF-1CE1-3342-B7AC-D9BDB6DA5E50}.Debug|Win32.ActiveCfg = Debug|Win32
		{3741ADDF-1CE1-3342-B7AC-D9BDB6DA5E50}.Debug|Win32.Build.0 = Debug|Win32
		{3741ADDF-1CE1-3342-B7AC-D9BDB6DA5E50}.Release|Win32.ActiveCfg = Release|Win32
		{3741ADDF-1CE1-3342-B7AC-D9BDB6DA5E50}.Release|Win32.Build.0 = Release|Win32
		{3741ADDF-1CE1-3342-B7AC-D9BDB6DA5E50}.MinSizeRel|Win32.ActiveCfg = MinSizeRel|Win32
		{3741ADDF-1CE1-3342-B7AC-D9BDB6DA5E50}.MinSizeRel|Win32.Build.0 = MinSizeRel|Win32
		{3741ADDF-1CE1-3342-B7AC-D9BDB6DA5E50}.RelWithDebInfo|Win32.ActiveCfg = RelWithDebInfo|Win32
		{3741ADDF-1CE1-3342-B7AC-D9BDB6DA5E50}.RelWithDebInfo|Win32.Build.0 = RelWithDebInfo|Win32
		{EA58DE3C-9261-325E-925D-044CB694AD17}.Debug|Win32.ActiveCfg = Debug|Win32
		{EA58DE3C-9261-325E-925D-044CB694AD17}.Release|Win32.ActiveCfg = Release|Win32
		{EA58DE3C-9261-325E-925D-044CB694AD17}.MinSizeRel|Win32.ActiveCfg = MinSizeRel|Win32
		{EA58DE3C-9261-325E-925D-044CB694AD17}.RelWithDebInfo|Win32.ActiveCfg = RelWithDebInfo|Win32
		{CD077E80-A8A7-30E5-8D95-34F3E3723110}.Debug|Win32.ActiveCfg = Debug|Win32
		{CD077E80-A8A7-30E5-8D95-34F3E3723110}.Debug|Win32.Build.0 = Debug|Win32
		{CD077E80-A8A7-30E5-8D95-34F3E3723110}.Release|Win32.ActiveCfg = Release|Win32
		{CD077E80-A8A7-30E5-8D95-34F3E3723110}.Release|Win32.Build.0 = Release|Win32
		{CD077E80-A8A7-30E5-8D95-34F3E3723110}.MinSizeRel|Win32.ActiveCfg = MinSizeRel|Win32
		{CD077E80-A8A7-30E5-8D95-34F3E3723110}.MinSizeRel|Win32.Build.0 = MinSizeRel|Win32
		{CD077E80-A8A7-30E5-8D95-34F3E3723110}.RelWithDebInfo|Win32.ActiveCfg = RelWithDebInfo|Win32
		{CD077E80-A8A7-30E5-8D95-34F3E3723110}.RelWithDebInfo|Win32.Build.0 = RelWithDebInfo|Win32
		{412A44DF-937C-35EC-8E52-3E28BA9C8FCC}.Debug|Win32.ActiveCfg = Debug|Win32
		{412A44DF-937C-35EC-8E52-3E28BA9C8FCC}.Debug|Win32.Build.0 = Debug|Win32
		{412A44DF-937C-35EC-8E52-3E28BA9C8FCC}.Release|Win32.ActiveCfg = Release|Win32
		{412A44DF-937C-35EC-8E52-3E28BA9C8FCC}.Release|Win32.Build.0 = Release|Win32
		{412A44DF-937C-35EC-8E52-3E28BA9C8FCC}.MinSizeRel|Win32.ActiveCfg = MinSizeRel|Win32
		{412A44DF-937C-35EC-8E52-3E28BA9C8FCC}.MinSizeRel|Win32.Build.0 = MinSizeRel|Win32
		{412A44DF-937C-35EC-8E52-3E28BA9C8FCC}.RelWithDebInfo|Win32.ActiveCfg = RelWithDebInfo|Win32
		{412A44DF-937C-35EC-8E52-3E28BA9C8FCC}.RelWithDebInfo|Win32.Build.0 = RelWithDebInfo|Win32
		{E6B76C58-8E25-3FC5-BD2B-10BF5BFF8579}.Debug|Win32.ActiveCfg = Debug|Win32
		{E6B76C58-8E25-3FC5-BD2B-10BF5BFF8579}.Release|Win32.ActiveCfg = Release|Win32
		{E6B76C58-8E25-3FC5-BD2B-10BF5BFF8579}.MinSizeRel|Win32.ActiveCfg = MinSizeRel|Win32
		{E6B76C58-8E25-3FC5-BD2B-10BF5BFF8579}.RelWithDebInfo|Win32.ActiveCfg = RelWithDebInfo|Win32
		{17C45ABB-4C79-3639-BC52-40A05F884072}.Debug|Win32.ActiveCfg = Debug|Win32
		{17C45ABB-4C79-3639-BC52-40A05F884072}.Debug|Win32.Build.0 = Debug|Win32
		{17C45ABB-4C79-3639-BC52-40A05F884072}.Release|Win32.ActiveCfg = Release|Win32
		{17C45ABB-4C79-3639-BC52-40A05F884072}.Release|Win32.Build.0 = Release|Win32
		{17C45ABB-4C79-3639-BC52-40A05F884072}.MinSizeRel|Win32.ActiveCfg = MinSizeRel|Win32
		{17C45ABB-4C79-3639-BC52-40A05F884072}.MinSizeRel|Win32.Build.0 = MinSizeRel|Win32
		{17C45ABB-4C79-3639-BC52-40A05F884072}.RelWithDebInfo|Win32.ActiveCfg = RelWithDebInfo|Win32
		{17C45ABB-4C79-3639-BC52-40A05F884072}.RelWithDebInfo|Win32.Build.0 = RelWithDebInfo|Win32
		{7668CCC6-E692-335D-8206-5B6C46B44762}.Debug|Win32.ActiveCfg = Debug|Win32
		{7668CCC6-E692-335D-8206-5B6C46B44762}.Debug|Win32.Build.0 = Debug|Win32
		{7668CCC6-E692-335D-8206-5B6C46B44762}.Release|Win32.ActiveCfg = Release|Win32
		{7668CCC6-E692-335D-8206-5B6C46B44762}.Release|Win32.Build.0 = Release|Win32
		{7668CCC6-E692-335D-8206-5B6C46B44762}.MinSizeRel|Win32.ActiveCfg = MinSizeRel|Win32
		{7668CCC6-E692-335D-8206-5B6C46B44762}.MinSizeRel|Win32.Build.0 = MinSizeRel|Win32
		{7668CCC6-E692-335D-8206-5B6C46B44762}.RelWithDebInfo|Win32.ActiveCfg = RelWithDebInfo|Win32
		{7668CCC6-E692-335D-8206-5B6C46B44762}.RelWithDebInfo|Win32.Build.0 = RelWithDebInfo|Win32
		{B7DEBDFD-AB59-3E2C-80EA-6E7DD8D62BF8}.Debug|Win32.ActiveCfg = Debug|Win32
		{B7DEBDFD-AB59-3E2C-80EA-6E7DD8D62BF8}.Debug|Win32.Build.0 = Debug|Win32
		{B7DEBDFD-AB59-3E2C-80EA-6E7DD8D62BF8}.Release|Win32.ActiveCfg = Release|Win32
		{B7DEBDFD-AB59-3E2C-80EA-6E7DD8D62BF8}.Release|Win32.Build.0 = Release|Win32
		{B7DEBDFD-AB59-3E2C-80EA-6E7DD8D62BF8}.MinSizeRel|Win32.ActiveCfg = MinSizeRel|Win32
		{B7DEBDFD-AB59-3E2C-80EA-6E7DD8D62BF8}.MinSizeRel|Win32.Build.0 = MinSizeRel|Win32
		{B7DEBDFD-AB59-3E2C-80EA-6E7DD8D62BF8}.RelWithDebInfo|Win32.ActiveCfg = RelWithDebInfo|Win32
		{B7DEBDFD-AB59-3E2C-80EA-6E7DD8D62BF8}.RelWithDebInfo|Win32.Build.0 = RelWithDebInfo|Win32
		{66A12580-189A-3CC3-8D68-4A255EF43D27}.Debug|Win32.ActiveCfg = Debug|Win32
		{66A12580-189A-3CC3-8D68-4A255EF43D27}.Debug|Win32.Build.0 = Debug|Win32
		{66A12580-189A-3CC3-8D68-4A255EF43D27}.Release|Win32.ActiveCfg = Release|Win32
		{66A12580-189A-3CC3-8D68-4A255EF43D27}.Release|Win32.Build.0 = Release|Win32
		{66A12580-189A-3CC3-8D68-4A255EF43D27}.MinSizeRel|Win32.ActiveCfg = MinSizeRel|Win32
		{66A12580-189A-3CC3-8D68-4A255EF43D27}.MinSizeRel|Win32.Build.0 = MinSizeRel|Win32
		{66A12580-189A-3CC3-8D68-4A255EF43D27}.RelWithDebInfo|Win32.ActiveCfg = RelWithDebInfo|Win32
		{66A12580-189A-3CC3-8D68-4A255EF43D27}.RelWithDebInfo|Win32.Build.0 = RelWithDebInfo|Win32
		{F8A01F16-5A09-3452-959C-F9A50A61A211}.Debug|Win32.ActiveCfg = Debug|Win32
		{F8A01F16-5A09-3452-959C-F9A50A61A211}.Debug|Win32.Build.0 = Debug|Win32
		{F8A01F16-5A09-3452-959C-F9A50A61A211}.Release|Win32.ActiveCfg = Release|Win32
		{F8A01F16-5A09-3452-959C-F9A50A61A211}.Release|Win32.Build.0 = Release|Win32
		{F8A01F16-5A09-3452-959C-F9A50A61A211}.MinSizeRel|Win32.ActiveCfg = MinSizeRel|Win32
		{F8A01F16-5A09-3452-959C-F9A50A61A211}.MinSizeRel|Win32.Build.0 = MinSizeRel|Win32
		{F8A01F16-5A09-3452-959C-F9A50A61A211}.RelWithDebInfo|Win32.ActiveCfg = RelWithDebInfo|Win32
		{F8A01F16-5A09-3452-959C-F9A50A61A211}.RelWithDebInfo|Win32.Build.0 = RelWithDebInfo|Win32
		{7A2A238B-4FB5-3305-9ED8-C850F18E5239}.Debug|Win32.ActiveCfg = Debug|Win32
		{7A2A238B-4FB5-3305-9ED8-C850F18E5239}.Debug|Win32.Build.0 = Debug|Win32
		{7A2A238B-4FB5-3305-9ED8-C850F18E5239}.Release|Win32.ActiveCfg = Release|Win32
		{7A2A238B-4FB5-3305-9ED8-C850F18E5239}.Release|Win32.Build.0 = Release|Win32
		{7A2A238B-4FB5-3305-9ED8-C850F18E5239}.MinSizeRel|Win32.ActiveCfg = MinSizeRel|Win32
		{7A2A238B-4FB5-3305-9ED8-C850F18E5239}.MinSizeRel|Win32.Build.0 = MinSizeRel|Win32
		{7A2A238B-4FB5-3305-9ED8-C850F18E5239}.RelWithDebInfo|Win32.ActiveCfg = RelWithDebInfo|Win32
		{7A2A238B-4FB5-3305-9ED8-C850F18E5239}.RelWithDebInfo|Win32.Build.0 = RelWithDebInfo|Win32
		{E4A7EC00-59F2-3B48-86D7-001D002AA2DD}.Debug|Win32.ActiveCfg = Debug|Win32
		{E4A7EC00-59F2-3B48-86D7-001D002AA2DD}.Debug|Win32.Build.0 = Debug|Win32
		{E4A7EC00-59F2-3B48-86D7-001D002AA2DD}.Release|Win32.ActiveCfg = Release|Win32
		{E4A7EC00-59F2-3B48-86D7-001D002AA2DD}.Release|Win32.Build.0 = Release|Win32
		{E4A7EC00-59F2-3B48-86D7-001D002AA2DD}.MinSizeRel|Win32.ActiveCfg = MinSizeRel|Win32
		{E4A7EC00-59F2-3B48-86D7-001D002AA2DD}.MinSizeRel|Win32.Build.0 = MinSizeRel|Win32
		{E4A7EC00-59F2-3B48-86D7-001D002AA2DD}.RelWithDebInfo|Win32.ActiveCfg = RelWithDebInfo|Win32
		{E4A7EC00-59F2-3B48-86D7-001D002AA2DD}.RelWithDebInfo|Win32.Build.0 = RelWithDebInfo|Win32
		{BD733078-890F-39D6-946F-6D4BA304560C}.Debug|Win32.ActiveCfg = Debug|Win32
		{BD733078-890F-39D6-946F-6D4BA304560C}.Debug|Win32.Build.0 = Debug|Win32
		{BD733078-890F-39D6-946F-6D4BA304560C}.Release|Win32.ActiveCfg = Release|Win32
		{BD733078-890F-39D6-946F-6D4BA304560C}.Release|Win32.Build.0 = Release|Win32
		{BD733078-890F-39D6-946F-6D4BA304560C}.MinSizeRel|Win32.ActiveCfg = MinSizeRel|Win32
		{BD733078-890F-39D6-946F-6D4BA304560C}.MinSizeRel|Win32.Build.0 = MinSizeRel|Win32
		{BD733078-890F-39D6-946F-6D4BA304560C}.RelWithDebInfo|Win32.ActiveCfg = RelWithDebInfo|Win32
		{BD733078-890F-39D6-946F-6D4BA304560C}.RelWithDebInfo|Win32.Build.0 = RelWithDebInfo|Win32
		{B028D93D-3C04-3FBE-ADFF-4987560CD8ED}.Debug|Win32.ActiveCfg = Debug|Win32
		{B028D93D-3C04-3FBE-ADFF-4987560CD8ED}.Debug|Win32.Build.0 = Debug|Win32
		{B028D93D-3C04-3FBE-ADFF-4987560CD8ED}.Release|Win32.ActiveCfg = Release|Win32
		{B028D93D-3C04-3FBE-ADFF-4987560CD8ED}.Release|Win32.Build.0 = Release|Win32
		{B028D93D-3C04-3FBE-ADFF-4987560CD8ED}.MinSizeRel|Win32.ActiveCfg = MinSizeRel|Win32
		{B028D93D-3C04-3FBE-ADFF-4987560CD8ED}.MinSizeRel|Win32.Build.0 = MinSizeRel|Win32
		{B028D93D-3C04-3FBE-ADFF-4987560CD8ED}.RelWithDebInfo|Win32.ActiveCfg = RelWithDebInfo|Win32
		{B028D93D-3C04-3FBE-ADFF-4987560CD8ED}.RelWithDebInfo|Win32.Build.0 = RelWithDebInfo|Win32
		{8DC4678D-C17A-384E-8276-76781542C781}.Debug|Win32.ActiveCfg = Debug|Win32
		{8DC4678D-C17A-384E-8276-76781542C781}.Debug|Win32.Build.0 = Debug|Win32
		{8DC4678D-C17A-384E-8276-76781542C781}.Release|Win32.ActiveCfg = Release|Win32
		{8DC4678D-C17A-384E-8276-76781542C781}.Release|Win32.Build.0 = Release|Win32
		{8DC4678D-C17A-384E-8276-76781542C781}.MinSizeRel|Win32.ActiveCfg = MinSizeRel|Win32
		{8DC4678D-C17A-384E-8276-76781542C781}.MinSizeRel|Win32.Build.0 = MinSizeRel|Win32
		{8DC4678D-C17A-384E-8276-76781542C781}.RelWithDebInfo|Win32.ActiveCfg = RelWithDebInfo|Win32
		{8DC4678D-C17A-384E-8276-76781542C781}.RelWithDebInfo|Win32.Build.0 = RelWithDebInfo|Win32
		{5D7FF484-ABE6-3CF0-8AE0-6308B3D3D3FD}.Debug|Win32.ActiveCfg = Debug|Win32
		{5D7FF484-ABE6-3CF0-8AE0-6308B3D3D3FD}.Debug|Win32.Build.0 = Debug|Win32
		{5D7FF484-ABE6-3CF0-8AE0-6308B3D3D3FD}.Release|Win32.ActiveCfg = Release|Win32
		{5D7FF484-ABE6-3CF0-8AE0-6308B3D3D3FD}.Release|Win32.Build.0 = Release|Win32
		{5D7FF484-ABE6-3CF0-8AE0-6308B3D3D3FD}.MinSizeRel|Win32.ActiveCfg = MinSizeRel|Win32
		{5D7FF484-ABE6-3CF0-8AE0-6308B3D3D3FD}.MinSizeRel|Win32.Build.0 = MinSizeRel|Win32
		{5D7FF484-ABE6-3CF0-8AE0-6308B3D3D3FD}.RelWithDebInfo|Win32.ActiveCfg = RelWithDebInfo|Win32
		{5D7FF484-ABE6-3CF0-8AE0-6308B3D3D3FD}.RelWithDebInfo|Win32.Build.0 = RelWithDebInfo|Win32
	EndGlobalSection
	GlobalSection(ExtensibilityGlobals) = postSolution
		SolutionGuid = {7A28C394-E481-3320-8073-B5B8A6DAE126}
	EndGlobalSection
	GlobalSection(ExtensibilityAddIns) = postSolution
	EndGlobalSection
EndGlobal
