<?xml version="1.0" encoding="utf-8"?>
<Project ToolsVersion="15.0" xmlns="http://schemas.microsoft.com/developer/msbuild/2003">
  <ItemGroup>
    <CustomBuild Include="C:\Users\tazd1ngo\Desktop\Advanced Shaders P15232790\OpenGLVS\OpenGLVS\BellfruitGames\include\bulletbuild\CMakeFiles\d8401850122b10cc23a5b9487cc5e26c\INSTALL_force.rule">
      <Filter>CMake Rules</Filter>
    </CustomBuild>
  </ItemGroup>
  <ItemGroup>
    <Filter Include="CMake Rules">
      <UniqueIdentifier>{EFDB9148-B1F7-3B0E-8388-47983CB2CADC}</UniqueIdentifier>
    </Filter>
  </ItemGroup>
</Project>
