<?xml version="1.0" encoding="utf-8"?>
<Project ToolsVersion="15.0" xmlns="http://schemas.microsoft.com/developer/msbuild/2003">
  <ItemGroup>
    <ClCompile Include="C:\Users\tazd1ngo\Desktop\Advanced Shaders P15232790\OpenGLVS\OpenGLVS\BellfruitGames\include\bullet3-master\src\Bullet3Geometry\b3ConvexHullComputer.cpp">
      <Filter>Source Files</Filter>
    </ClCompile>
    <ClCompile Include="C:\Users\tazd1ngo\Desktop\Advanced Shaders P15232790\OpenGLVS\OpenGLVS\BellfruitGames\include\bullet3-master\src\Bullet3Geometry\b3GeometryUtil.cpp">
      <Filter>Source Files</Filter>
    </ClCompile>
  </ItemGroup>
  <ItemGroup>
    <ClInclude Include="C:\Users\tazd1ngo\Desktop\Advanced Shaders P15232790\OpenGLVS\OpenGLVS\BellfruitGames\include\bullet3-master\src\Bullet3Geometry\b3AabbUtil.h">
      <Filter>Header Files</Filter>
    </ClInclude>
    <ClInclude Include="C:\Users\tazd1ngo\Desktop\Advanced Shaders P15232790\OpenGLVS\OpenGLVS\BellfruitGames\include\bullet3-master\src\Bullet3Geometry\b3ConvexHullComputer.h">
      <Filter>Header Files</Filter>
    </ClInclude>
    <ClInclude Include="C:\Users\tazd1ngo\Desktop\Advanced Shaders P15232790\OpenGLVS\OpenGLVS\BellfruitGames\include\bullet3-master\src\Bullet3Geometry\b3GeometryUtil.h">
      <Filter>Header Files</Filter>
    </ClInclude>
    <ClInclude Include="C:\Users\tazd1ngo\Desktop\Advanced Shaders P15232790\OpenGLVS\OpenGLVS\BellfruitGames\include\bullet3-master\src\Bullet3Geometry\b3GrahamScan2dConvexHull.h">
      <Filter>Header Files</Filter>
    </ClInclude>
  </ItemGroup>
  <ItemGroup>
    <CustomBuild Include="C:\Users\tazd1ngo\Desktop\Advanced Shaders P15232790\OpenGLVS\OpenGLVS\BellfruitGames\include\bullet3-master\src\Bullet3Geometry\CMakeLists.txt" />
  </ItemGroup>
  <ItemGroup>
    <Filter Include="Header Files">
      <UniqueIdentifier>{A8F7E5DC-A981-37C9-96DB-C6B937B83F12}</UniqueIdentifier>
    </Filter>
    <Filter Include="Source Files">
      <UniqueIdentifier>{EC80BDDE-BA26-3838-9B78-ACCE8D4049F5}</UniqueIdentifier>
    </Filter>
  </ItemGroup>
</Project>
